// !$*UTF8*$!
{
	archiveVersion = 1;
	classes = {
	};
	objectVersion = 55;
	objects = {

/* Begin PBXBuildFile section */
		8E08AC93295B4F010031D9E7 /* AppDelegate.swift in Sources */ = {isa = PBXBuildFile; fileRef = 8E08AC92295B4F010031D9E7 /* AppDelegate.swift */; };
		8E08AC95295B4F010031D9E7 /* SceneDelegate.swift in Sources */ = {isa = PBXBuildFile; fileRef = 8E08AC94295B4F010031D9E7 /* SceneDelegate.swift */; };
		8E08AC97295B4F010031D9E7 /* ListCharactersViewController.swift in Sources */ = {isa = PBXBuildFile; fileRef = 8E08AC96295B4F010031D9E7 /* ListCharactersViewController.swift */; };
		8E08AC9D295B4F010031D9E7 /* RickAndMorty.xcdatamodeld in Sources */ = {isa = PBXBuildFile; fileRef = 8E08AC9B295B4F010031D9E7 /* RickAndMorty.xcdatamodeld */; };
		8E08AC9F295B4F060031D9E7 /* Assets.xcassets in Resources */ = {isa = PBXBuildFile; fileRef = 8E08AC9E295B4F060031D9E7 /* Assets.xcassets */; };
		8E08ACAB295B620D0031D9E7 /* Constants.swift in Sources */ = {isa = PBXBuildFile; fileRef = 8E08ACAA295B620D0031D9E7 /* Constants.swift */; };
		8E08ACB5295B87EB0031D9E7 /* Spacing.swift in Sources */ = {isa = PBXBuildFile; fileRef = 8E08ACB4295B87EB0031D9E7 /* Spacing.swift */; };
		8E08ACB8295B89330031D9E7 /* TextSize.swift in Sources */ = {isa = PBXBuildFile; fileRef = 8E08ACB7295B89330031D9E7 /* TextSize.swift */; };
		8E08ACBB295B89750031D9E7 /* Fonts.swift in Sources */ = {isa = PBXBuildFile; fileRef = 8E08ACBA295B89750031D9E7 /* Fonts.swift */; };
		8E08ACBE295B8E610031D9E7 /* AppColors.swift in Sources */ = {isa = PBXBuildFile; fileRef = 8E08ACBD295B8E610031D9E7 /* AppColors.swift */; };
		8EB964D3299155000019D68D /* LaunchScreen.storyboard in Resources */ = {isa = PBXBuildFile; fileRef = 8EB964D2299155000019D68D /* LaunchScreen.storyboard */; };
		8ED4BA2D297AD14B0069B203 /* RxCocoa in Frameworks */ = {isa = PBXBuildFile; productRef = 8ED4BA2C297AD14B0069B203 /* RxCocoa */; };
		8ED4BA2F297AD14B0069B203 /* RxRelay in Frameworks */ = {isa = PBXBuildFile; productRef = 8ED4BA2E297AD14B0069B203 /* RxRelay */; };
		8ED4BA31297AD14B0069B203 /* RxSwift in Frameworks */ = {isa = PBXBuildFile; productRef = 8ED4BA30297AD14B0069B203 /* RxSwift */; };
		8ED4BA34297AD15A0069B203 /* TinyConstraints in Frameworks */ = {isa = PBXBuildFile; productRef = 8ED4BA33297AD15A0069B203 /* TinyConstraints */; };
		8ED4BA37297AD16A0069B203 /* Kingfisher in Frameworks */ = {isa = PBXBuildFile; productRef = 8ED4BA36297AD16A0069B203 /* Kingfisher */; };
		8ED4BA50297AD5CE0069B203 /* CascadeOperator.swift in Sources */ = {isa = PBXBuildFile; fileRef = 8ED4BA4F297AD5CE0069B203 /* CascadeOperator.swift */; };
		8EFA958C29914BCB0031EA99 /* AppCoordinator.swift in Sources */ = {isa = PBXBuildFile; fileRef = 8EFA958B29914BCB0031EA99 /* AppCoordinator.swift */; };
		8EFA958F29914BD50031EA99 /* CoordinatorProtocol.swift in Sources */ = {isa = PBXBuildFile; fileRef = 8EFA958E29914BD50031EA99 /* CoordinatorProtocol.swift */; };
		8EFA959329914C180031EA99 /* RMView.swift in Sources */ = {isa = PBXBuildFile; fileRef = 8EFA959029914C180031EA99 /* RMView.swift */; };
		8EFA959429914C180031EA99 /* RMNavigationController.swift in Sources */ = {isa = PBXBuildFile; fileRef = 8EFA959129914C180031EA99 /* RMNavigationController.swift */; };
		8EFA959529914C180031EA99 /* RMViewController.swift in Sources */ = {isa = PBXBuildFile; fileRef = 8EFA959229914C180031EA99 /* RMViewController.swift */; };
		8EFA959829914C630031EA99 /* ListCharactersCoordinator.swift in Sources */ = {isa = PBXBuildFile; fileRef = 8EFA959729914C630031EA99 /* ListCharactersCoordinator.swift */; };
		8EFA959A29914C6F0031EA99 /* ListCharactersView.swift in Sources */ = {isa = PBXBuildFile; fileRef = 8EFA959929914C6F0031EA99 /* ListCharactersView.swift */; };
		8EFA959C29914C750031EA99 /* ListCharacterCell.swift in Sources */ = {isa = PBXBuildFile; fileRef = 8EFA959B29914C750031EA99 /* ListCharacterCell.swift */; };
		8EFA959E29914CB40031EA99 /* ListCharactersViewModel.swift in Sources */ = {isa = PBXBuildFile; fileRef = 8EFA959D29914CB40031EA99 /* ListCharactersViewModel.swift */; };
		8EFA95AA29914D850031EA99 /* SideMenuViewModel.swift in Sources */ = {isa = PBXBuildFile; fileRef = 8EFA95A129914D850031EA99 /* SideMenuViewModel.swift */; };
		8EFA95AB29914D850031EA99 /* SideMenuCoordinator.swift in Sources */ = {isa = PBXBuildFile; fileRef = 8EFA95A329914D850031EA99 /* SideMenuCoordinator.swift */; };
		8EFA95AC29914D850031EA99 /* SideMenuViewController.swift in Sources */ = {isa = PBXBuildFile; fileRef = 8EFA95A529914D850031EA99 /* SideMenuViewController.swift */; };
		8EFA95AD29914D850031EA99 /* SideMenuRow.swift in Sources */ = {isa = PBXBuildFile; fileRef = 8EFA95A829914D850031EA99 /* SideMenuRow.swift */; };
		8EFA95AE29914D850031EA99 /* SideMenuView.swift in Sources */ = {isa = PBXBuildFile; fileRef = 8EFA95A929914D850031EA99 /* SideMenuView.swift */; };
/* End PBXBuildFile section */

/* Begin PBXFileReference section */
		8E08AC8F295B4F010031D9E7 /* RickAndMorty.app */ = {isa = PBXFileReference; explicitFileType = wrapper.application; includeInIndex = 0; path = RickAndMorty.app; sourceTree = BUILT_PRODUCTS_DIR; };
		8E08AC92295B4F010031D9E7 /* AppDelegate.swift */ = {isa = PBXFileReference; lastKnownFileType = sourcecode.swift; path = AppDelegate.swift; sourceTree = "<group>"; };
		8E08AC94295B4F010031D9E7 /* SceneDelegate.swift */ = {isa = PBXFileReference; lastKnownFileType = sourcecode.swift; path = SceneDelegate.swift; sourceTree = "<group>"; };
		8E08AC96295B4F010031D9E7 /* ListCharactersViewController.swift */ = {isa = PBXFileReference; lastKnownFileType = sourcecode.swift; path = ListCharactersViewController.swift; sourceTree = "<group>"; };
		8E08AC9C295B4F010031D9E7 /* RickAndMorty.xcdatamodel */ = {isa = PBXFileReference; lastKnownFileType = wrapper.xcdatamodel; path = RickAndMorty.xcdatamodel; sourceTree = "<group>"; };
		8E08AC9E295B4F060031D9E7 /* Assets.xcassets */ = {isa = PBXFileReference; lastKnownFileType = folder.assetcatalog; path = Assets.xcassets; sourceTree = "<group>"; };
		8E08ACA3295B4F060031D9E7 /* Info.plist */ = {isa = PBXFileReference; lastKnownFileType = text.plist.xml; path = Info.plist; sourceTree = "<group>"; };
		8E08ACAA295B620D0031D9E7 /* Constants.swift */ = {isa = PBXFileReference; lastKnownFileType = sourcecode.swift; path = Constants.swift; sourceTree = "<group>"; };
		8E08ACB4295B87EB0031D9E7 /* Spacing.swift */ = {isa = PBXFileReference; lastKnownFileType = sourcecode.swift; path = Spacing.swift; sourceTree = "<group>"; };
		8E08ACB7295B89330031D9E7 /* TextSize.swift */ = {isa = PBXFileReference; lastKnownFileType = sourcecode.swift; path = TextSize.swift; sourceTree = "<group>"; };
		8E08ACBA295B89750031D9E7 /* Fonts.swift */ = {isa = PBXFileReference; lastKnownFileType = sourcecode.swift; path = Fonts.swift; sourceTree = "<group>"; };
		8E08ACBD295B8E610031D9E7 /* AppColors.swift */ = {isa = PBXFileReference; lastKnownFileType = sourcecode.swift; path = AppColors.swift; sourceTree = "<group>"; };
		8EB964CE299153150019D68D /* LaunchScreen.storyboard */ = {isa = PBXFileReference; fileEncoding = 4; lastKnownFileType = file.storyboard; name = LaunchScreen.storyboard; path = RickAndMorty/LaunchScreen.storyboard; sourceTree = SOURCE_ROOT; };
		8EB964D2299155000019D68D /* LaunchScreen.storyboard */ = {isa = PBXFileReference; lastKnownFileType = file.storyboard; path = LaunchScreen.storyboard; sourceTree = "<group>"; };
		8ED4BA4F297AD5CE0069B203 /* CascadeOperator.swift */ = {isa = PBXFileReference; lastKnownFileType = sourcecode.swift; path = CascadeOperator.swift; sourceTree = "<group>"; };
		8EFA958B29914BCB0031EA99 /* AppCoordinator.swift */ = {isa = PBXFileReference; fileEncoding = 4; lastKnownFileType = sourcecode.swift; path = AppCoordinator.swift; sourceTree = "<group>"; };
		8EFA958E29914BD50031EA99 /* CoordinatorProtocol.swift */ = {isa = PBXFileReference; fileEncoding = 4; lastKnownFileType = sourcecode.swift; path = CoordinatorProtocol.swift; sourceTree = "<group>"; };
		8EFA959029914C180031EA99 /* RMView.swift */ = {isa = PBXFileReference; fileEncoding = 4; lastKnownFileType = sourcecode.swift; path = RMView.swift; sourceTree = "<group>"; };
		8EFA959129914C180031EA99 /* RMNavigationController.swift */ = {isa = PBXFileReference; fileEncoding = 4; lastKnownFileType = sourcecode.swift; path = RMNavigationController.swift; sourceTree = "<group>"; };
		8EFA959229914C180031EA99 /* RMViewController.swift */ = {isa = PBXFileReference; fileEncoding = 4; lastKnownFileType = sourcecode.swift; path = RMViewController.swift; sourceTree = "<group>"; };
		8EFA959729914C630031EA99 /* ListCharactersCoordinator.swift */ = {isa = PBXFileReference; fileEncoding = 4; lastKnownFileType = sourcecode.swift; path = ListCharactersCoordinator.swift; sourceTree = "<group>"; };
		8EFA959929914C6F0031EA99 /* ListCharactersView.swift */ = {isa = PBXFileReference; fileEncoding = 4; lastKnownFileType = sourcecode.swift; path = ListCharactersView.swift; sourceTree = "<group>"; };
		8EFA959B29914C750031EA99 /* ListCharacterCell.swift */ = {isa = PBXFileReference; fileEncoding = 4; lastKnownFileType = sourcecode.swift; path = ListCharacterCell.swift; sourceTree = "<group>"; };
		8EFA959D29914CB40031EA99 /* ListCharactersViewModel.swift */ = {isa = PBXFileReference; fileEncoding = 4; lastKnownFileType = sourcecode.swift; path = ListCharactersViewModel.swift; sourceTree = "<group>"; };
		8EFA95A129914D850031EA99 /* SideMenuViewModel.swift */ = {isa = PBXFileReference; fileEncoding = 4; lastKnownFileType = sourcecode.swift; path = SideMenuViewModel.swift; sourceTree = "<group>"; };
		8EFA95A329914D850031EA99 /* SideMenuCoordinator.swift */ = {isa = PBXFileReference; fileEncoding = 4; lastKnownFileType = sourcecode.swift; path = SideMenuCoordinator.swift; sourceTree = "<group>"; };
		8EFA95A529914D850031EA99 /* SideMenuViewController.swift */ = {isa = PBXFileReference; fileEncoding = 4; lastKnownFileType = sourcecode.swift; path = SideMenuViewController.swift; sourceTree = "<group>"; };
		8EFA95A829914D850031EA99 /* SideMenuRow.swift */ = {isa = PBXFileReference; fileEncoding = 4; lastKnownFileType = sourcecode.swift; path = SideMenuRow.swift; sourceTree = "<group>"; };
		8EFA95A929914D850031EA99 /* SideMenuView.swift */ = {isa = PBXFileReference; fileEncoding = 4; lastKnownFileType = sourcecode.swift; path = SideMenuView.swift; sourceTree = "<group>"; };
/* End PBXFileReference section */

/* Begin PBXFrameworksBuildPhase section */
		8E08AC8C295B4F010031D9E7 /* Frameworks */ = {
			isa = PBXFrameworksBuildPhase;
			buildActionMask = 2147483647;
			files = (
				8ED4BA31297AD14B0069B203 /* RxSwift in Frameworks */,
				8ED4BA2F297AD14B0069B203 /* RxRelay in Frameworks */,
				8ED4BA2D297AD14B0069B203 /* RxCocoa in Frameworks */,
				8ED4BA34297AD15A0069B203 /* TinyConstraints in Frameworks */,
				8ED4BA37297AD16A0069B203 /* Kingfisher in Frameworks */,
			);
			runOnlyForDeploymentPostprocessing = 0;
		};
/* End PBXFrameworksBuildPhase section */

/* Begin PBXGroup section */
		8E08AC86295B4F010031D9E7 = {
			isa = PBXGroup;
			children = (
				8E08AC91295B4F010031D9E7 /* RickAndMorty */,
				8E08AC90295B4F010031D9E7 /* Products */,
			);
			sourceTree = "<group>";
		};
		8E08AC90295B4F010031D9E7 /* Products */ = {
			isa = PBXGroup;
			children = (
				8E08AC8F295B4F010031D9E7 /* RickAndMorty.app */,
			);
			name = Products;
			sourceTree = "<group>";
		};
		8E08AC91295B4F010031D9E7 /* RickAndMorty */ = {
			isa = PBXGroup;
			children = (
				8E08AC92295B4F010031D9E7 /* AppDelegate.swift */,
				8E08AC94295B4F010031D9E7 /* SceneDelegate.swift */,
				8ED4BA5C297AD85F0069B203 /* CoreData */,
				8ED4BA39297AD2B80069B203 /* Resource */,
				8ED4BA3A297AD2D50069B203 /* Sources */,
				8E08ACA3295B4F060031D9E7 /* Info.plist */,
				8EB964D2299155000019D68D /* LaunchScreen.storyboard */,
			);
			path = RickAndMorty;
			sourceTree = "<group>";
		};
		8E08ACA9295B61EF0031D9E7 /* Constants */ = {
			isa = PBXGroup;
			children = (
				8EB964CE299153150019D68D /* LaunchScreen.storyboard */,
				8E08ACAA295B620D0031D9E7 /* Constants.swift */,
				8ED4BA2A297ACD5B0069B203 /* DesignSystem */,
			);
			path = Constants;
			sourceTree = "<group>";
		};
		8E08ACB2295B87BC0031D9E7 /* Colors */ = {
			isa = PBXGroup;
			children = (
				8E08ACBD295B8E610031D9E7 /* AppColors.swift */,
			);
			path = Colors;
			sourceTree = "<group>";
		};
		8E08ACB3295B87D70031D9E7 /* Spacing */ = {
			isa = PBXGroup;
			children = (
				8E08ACB4295B87EB0031D9E7 /* Spacing.swift */,
			);
			path = Spacing;
			sourceTree = "<group>";
		};
		8E08ACB6295B89240031D9E7 /* TextSize */ = {
			isa = PBXGroup;
			children = (
				8E08ACB7295B89330031D9E7 /* TextSize.swift */,
			);
			path = TextSize;
			sourceTree = "<group>";
		};
		8E08ACB9295B89610031D9E7 /* Fonts */ = {
			isa = PBXGroup;
			children = (
				8E08ACBA295B89750031D9E7 /* Fonts.swift */,
			);
			path = Fonts;
			sourceTree = "<group>";
		};
		8ED4BA2A297ACD5B0069B203 /* DesignSystem */ = {
			isa = PBXGroup;
			children = (
				8E08ACB2295B87BC0031D9E7 /* Colors */,
				8E08ACB6295B89240031D9E7 /* TextSize */,
				8E08ACB3295B87D70031D9E7 /* Spacing */,
				8E08ACB9295B89610031D9E7 /* Fonts */,
			);
			path = DesignSystem;
			sourceTree = "<group>";
		};
		8ED4BA38297AD2620069B203 /* Service */ = {
			isa = PBXGroup;
			children = (
				8ED4BA52297AD6790069B203 /* Models */,
				8ED4BA51297AD66F0069B203 /* Protocols */,
			);
			path = Service;
			sourceTree = "<group>";
		};
		8ED4BA39297AD2B80069B203 /* Resource */ = {
			isa = PBXGroup;
			children = (
				8E08AC9E295B4F060031D9E7 /* Assets.xcassets */,
			);
			path = Resource;
			sourceTree = "<group>";
		};
		8ED4BA3A297AD2D50069B203 /* Sources */ = {
			isa = PBXGroup;
			children = (
				8ED4BA4C297AD5970069B203 /* Common */,
				8ED4BA3B297AD31F0069B203 /* Presentation */,
				8ED4BA38297AD2620069B203 /* Service */,
				8E08ACA9295B61EF0031D9E7 /* Constants */,
			);
			path = Sources;
			sourceTree = "<group>";
		};
		8ED4BA3B297AD31F0069B203 /* Presentation */ = {
			isa = PBXGroup;
			children = (
				8EFA959F29914D850031EA99 /* SideMenu */,
				8ED4BA48297AD4750069B203 /* ListEpisodes */,
				8ED4BA44297AD4440069B203 /* ListPlaces */,
				8ED4BA3C297AD32C0069B203 /* ListCharacters */,
				8ED4BA5B297AD7600069B203 /* FavoriteCharacters */,
				8ED4BA40297AD3DF0069B203 /* DetailsCharacter */,
			);
			path = Presentation;
			sourceTree = "<group>";
		};
		8ED4BA3C297AD32C0069B203 /* ListCharacters */ = {
			isa = PBXGroup;
			children = (
				8EFA959629914C630031EA99 /* Coordinator */,
				8ED4BA3F297AD36F0069B203 /* Controller */,
				8ED4BA3D297AD3400069B203 /* View */,
				8ED4BA3E297AD34B0069B203 /* ViewModel */,
			);
			path = ListCharacters;
			sourceTree = "<group>";
		};
		8ED4BA3D297AD3400069B203 /* View */ = {
			isa = PBXGroup;
			children = (
				8EFA959929914C6F0031EA99 /* ListCharactersView.swift */,
				8ED4BA59297AD7180069B203 /* Subviews */,
			);
			path = View;
			sourceTree = "<group>";
		};
		8ED4BA3E297AD34B0069B203 /* ViewModel */ = {
			isa = PBXGroup;
			children = (
				8EFA959D29914CB40031EA99 /* ListCharactersViewModel.swift */,
			);
			path = ViewModel;
			sourceTree = "<group>";
		};
		8ED4BA3F297AD36F0069B203 /* Controller */ = {
			isa = PBXGroup;
			children = (
				8E08AC96295B4F010031D9E7 /* ListCharactersViewController.swift */,
			);
			path = Controller;
			sourceTree = "<group>";
		};
		8ED4BA40297AD3DF0069B203 /* DetailsCharacter */ = {
			isa = PBXGroup;
			children = (
				8ED4BA43297AD4120069B203 /* Controller */,
				8ED4BA42297AD40C0069B203 /* View */,
				8ED4BA41297AD4040069B203 /* ViewModel */,
			);
			path = DetailsCharacter;
			sourceTree = "<group>";
		};
		8ED4BA41297AD4040069B203 /* ViewModel */ = {
			isa = PBXGroup;
			children = (
			);
			path = ViewModel;
			sourceTree = "<group>";
		};
		8ED4BA42297AD40C0069B203 /* View */ = {
			isa = PBXGroup;
			children = (
				8ED4BA5A297AD7220069B203 /* Subviews */,
			);
			path = View;
			sourceTree = "<group>";
		};
		8ED4BA43297AD4120069B203 /* Controller */ = {
			isa = PBXGroup;
			children = (
			);
			path = Controller;
			sourceTree = "<group>";
		};
		8ED4BA44297AD4440069B203 /* ListPlaces */ = {
			isa = PBXGroup;
			children = (
				8ED4BA47297AD4520069B203 /* Controller */,
				8ED4BA46297AD4500069B203 /* View */,
				8ED4BA45297AD44D0069B203 /* ViewModel */,
			);
			path = ListPlaces;
			sourceTree = "<group>";
		};
		8ED4BA45297AD44D0069B203 /* ViewModel */ = {
			isa = PBXGroup;
			children = (
			);
			path = ViewModel;
			sourceTree = "<group>";
		};
		8ED4BA46297AD4500069B203 /* View */ = {
			isa = PBXGroup;
			children = (
				8ED4BA58297AD70F0069B203 /* Subviews */,
			);
			path = View;
			sourceTree = "<group>";
		};
		8ED4BA47297AD4520069B203 /* Controller */ = {
			isa = PBXGroup;
			children = (
			);
			path = Controller;
			sourceTree = "<group>";
		};
		8ED4BA48297AD4750069B203 /* ListEpisodes */ = {
			isa = PBXGroup;
			children = (
				8ED4BA4B297AD48F0069B203 /* Controller */,
				8ED4BA4A297AD48D0069B203 /* View */,
				8ED4BA49297AD48B0069B203 /* ViewModel */,
			);
			path = ListEpisodes;
			sourceTree = "<group>";
		};
		8ED4BA49297AD48B0069B203 /* ViewModel */ = {
			isa = PBXGroup;
			children = (
			);
			path = ViewModel;
			sourceTree = "<group>";
		};
		8ED4BA4A297AD48D0069B203 /* View */ = {
			isa = PBXGroup;
			children = (
				8ED4BA57297AD7050069B203 /* Subviews */,
			);
			path = View;
			sourceTree = "<group>";
		};
		8ED4BA4B297AD48F0069B203 /* Controller */ = {
			isa = PBXGroup;
			children = (
			);
			path = Controller;
			sourceTree = "<group>";
		};
		8ED4BA4C297AD5970069B203 /* Common */ = {
			isa = PBXGroup;
			children = (
				8ED4BA56297AD6E70069B203 /* Coordinator */,
				8ED4BA55297AD6C20069B203 /* Enums */,
				8ED4BA54297AD6B40069B203 /* Extensions */,
				8ED4BA4E297AD5BE0069B203 /* Tools */,
				8ED4BA4D297AD5A40069B203 /* Components */,
			);
			path = Common;
			sourceTree = "<group>";
		};
		8ED4BA4D297AD5A40069B203 /* Components */ = {
			isa = PBXGroup;
			children = (
				8EFA959129914C180031EA99 /* RMNavigationController.swift */,
				8EFA959029914C180031EA99 /* RMView.swift */,
				8EFA959229914C180031EA99 /* RMViewController.swift */,
			);
			path = Components;
			sourceTree = "<group>";
		};
		8ED4BA4E297AD5BE0069B203 /* Tools */ = {
			isa = PBXGroup;
			children = (
				8ED4BA4F297AD5CE0069B203 /* CascadeOperator.swift */,
			);
			path = Tools;
			sourceTree = "<group>";
		};
		8ED4BA51297AD66F0069B203 /* Protocols */ = {
			isa = PBXGroup;
			children = (
			);
			path = Protocols;
			sourceTree = "<group>";
		};
		8ED4BA52297AD6790069B203 /* Models */ = {
			isa = PBXGroup;
			children = (
			);
			path = Models;
			sourceTree = "<group>";
		};
		8ED4BA54297AD6B40069B203 /* Extensions */ = {
			isa = PBXGroup;
			children = (
			);
			path = Extensions;
			sourceTree = "<group>";
		};
		8ED4BA55297AD6C20069B203 /* Enums */ = {
			isa = PBXGroup;
			children = (
			);
			path = Enums;
			sourceTree = "<group>";
		};
		8ED4BA56297AD6E70069B203 /* Coordinator */ = {
			isa = PBXGroup;
			children = (
				8EFA958B29914BCB0031EA99 /* AppCoordinator.swift */,
				8EFA958D29914BD50031EA99 /* Protocol */,
			);
			path = Coordinator;
			sourceTree = "<group>";
		};
		8ED4BA57297AD7050069B203 /* Subviews */ = {
			isa = PBXGroup;
			children = (
			);
			path = Subviews;
			sourceTree = "<group>";
		};
		8ED4BA58297AD70F0069B203 /* Subviews */ = {
			isa = PBXGroup;
			children = (
			);
			path = Subviews;
			sourceTree = "<group>";
		};
		8ED4BA59297AD7180069B203 /* Subviews */ = {
			isa = PBXGroup;
			children = (
				8EFA959B29914C750031EA99 /* ListCharacterCell.swift */,
			);
			path = Subviews;
			sourceTree = "<group>";
		};
		8ED4BA5A297AD7220069B203 /* Subviews */ = {
			isa = PBXGroup;
			children = (
			);
			path = Subviews;
			sourceTree = "<group>";
		};
		8ED4BA5B297AD7600069B203 /* FavoriteCharacters */ = {
			isa = PBXGroup;
			children = (
			);
			path = FavoriteCharacters;
			sourceTree = "<group>";
		};
		8ED4BA5C297AD85F0069B203 /* CoreData */ = {
			isa = PBXGroup;
			children = (
				8E08AC9B295B4F010031D9E7 /* RickAndMorty.xcdatamodeld */,
			);
			path = CoreData;
			sourceTree = "<group>";
		};
		8EFA958D29914BD50031EA99 /* Protocol */ = {
			isa = PBXGroup;
			children = (
				8EFA958E29914BD50031EA99 /* CoordinatorProtocol.swift */,
			);
			path = Protocol;
			sourceTree = "<group>";
		};
		8EFA959629914C630031EA99 /* Coordinator */ = {
			isa = PBXGroup;
			children = (
				8EFA959729914C630031EA99 /* ListCharactersCoordinator.swift */,
			);
			path = Coordinator;
			sourceTree = "<group>";
		};
		8EFA959F29914D850031EA99 /* SideMenu */ = {
			isa = PBXGroup;
			children = (
				8EFA95A029914D850031EA99 /* ViewModel */,
				8EFA95A229914D850031EA99 /* Coordinator */,
				8EFA95A429914D850031EA99 /* Controller */,
				8EFA95A629914D850031EA99 /* View */,
			);
			name = SideMenu;
			path = RickAndMorty/Sources/Presentation/SideMenu;
			sourceTree = SOURCE_ROOT;
		};
		8EFA95A029914D850031EA99 /* ViewModel */ = {
			isa = PBXGroup;
			children = (
				8EFA95A129914D850031EA99 /* SideMenuViewModel.swift */,
			);
			path = ViewModel;
			sourceTree = "<group>";
		};
		8EFA95A229914D850031EA99 /* Coordinator */ = {
			isa = PBXGroup;
			children = (
				8EFA95A329914D850031EA99 /* SideMenuCoordinator.swift */,
			);
			path = Coordinator;
			sourceTree = "<group>";
		};
		8EFA95A429914D850031EA99 /* Controller */ = {
			isa = PBXGroup;
			children = (
				8EFA95A529914D850031EA99 /* SideMenuViewController.swift */,
			);
			path = Controller;
			sourceTree = "<group>";
		};
		8EFA95A629914D850031EA99 /* View */ = {
			isa = PBXGroup;
			children = (
				8EFA95A729914D850031EA99 /* Subviews */,
				8EFA95A929914D850031EA99 /* SideMenuView.swift */,
			);
			path = View;
			sourceTree = "<group>";
		};
		8EFA95A729914D850031EA99 /* Subviews */ = {
			isa = PBXGroup;
			children = (
				8EFA95A829914D850031EA99 /* SideMenuRow.swift */,
			);
			path = Subviews;
			sourceTree = "<group>";
		};
/* End PBXGroup section */

/* Begin PBXNativeTarget section */
		8E08AC8E295B4F010031D9E7 /* RickAndMorty */ = {
			isa = PBXNativeTarget;
			buildConfigurationList = 8E08ACA6295B4F060031D9E7 /* Build configuration list for PBXNativeTarget "RickAndMorty" */;
			buildPhases = (
				8E08AC8B295B4F010031D9E7 /* Sources */,
				8E08AC8C295B4F010031D9E7 /* Frameworks */,
				8E08AC8D295B4F010031D9E7 /* Resources */,
			);
			buildRules = (
			);
			dependencies = (
			);
			name = RickAndMorty;
			packageProductDependencies = (
				8ED4BA2C297AD14B0069B203 /* RxCocoa */,
				8ED4BA2E297AD14B0069B203 /* RxRelay */,
				8ED4BA30297AD14B0069B203 /* RxSwift */,
				8ED4BA33297AD15A0069B203 /* TinyConstraints */,
				8ED4BA36297AD16A0069B203 /* Kingfisher */,
			);
			productName = RickAndMorty;
			productReference = 8E08AC8F295B4F010031D9E7 /* RickAndMorty.app */;
			productType = "com.apple.product-type.application";
		};
/* End PBXNativeTarget section */

/* Begin PBXProject section */
		8E08AC87295B4F010031D9E7 /* Project object */ = {
			isa = PBXProject;
			attributes = {
				BuildIndependentTargetsInParallel = 1;
				LastSwiftUpdateCheck = 1320;
				LastUpgradeCheck = 1320;
				TargetAttributes = {
					8E08AC8E295B4F010031D9E7 = {
						CreatedOnToolsVersion = 13.2.1;
					};
				};
			};
			buildConfigurationList = 8E08AC8A295B4F010031D9E7 /* Build configuration list for PBXProject "RickAndMorty" */;
			compatibilityVersion = "Xcode 13.0";
			developmentRegion = en;
			hasScannedForEncodings = 0;
			knownRegions = (
				en,
				Base,
			);
			mainGroup = 8E08AC86295B4F010031D9E7;
			packageReferences = (
				8ED4BA2B297AD14B0069B203 /* XCRemoteSwiftPackageReference "RxSwift" */,
				8ED4BA32297AD15A0069B203 /* XCRemoteSwiftPackageReference "TinyConstraints" */,
				8ED4BA35297AD16A0069B203 /* XCRemoteSwiftPackageReference "Kingfisher" */,
			);
			productRefGroup = 8E08AC90295B4F010031D9E7 /* Products */;
			projectDirPath = "";
			projectRoot = "";
			targets = (
				8E08AC8E295B4F010031D9E7 /* RickAndMorty */,
			);
		};
/* End PBXProject section */

/* Begin PBXResourcesBuildPhase section */
		8E08AC8D295B4F010031D9E7 /* Resources */ = {
			isa = PBXResourcesBuildPhase;
			buildActionMask = 2147483647;
			files = (
				8E08AC9F295B4F060031D9E7 /* Assets.xcassets in Resources */,
				8EB964D3299155000019D68D /* LaunchScreen.storyboard in Resources */,
			);
			runOnlyForDeploymentPostprocessing = 0;
		};
/* End PBXResourcesBuildPhase section */

/* Begin PBXSourcesBuildPhase section */
		8E08AC8B295B4F010031D9E7 /* Sources */ = {
			isa = PBXSourcesBuildPhase;
			buildActionMask = 2147483647;
			files = (
				8EFA958C29914BCB0031EA99 /* AppCoordinator.swift in Sources */,
				8E08ACBE295B8E610031D9E7 /* AppColors.swift in Sources */,
				8EFA959429914C180031EA99 /* RMNavigationController.swift in Sources */,
				8EFA959E29914CB40031EA99 /* ListCharactersViewModel.swift in Sources */,
				8EFA95AC29914D850031EA99 /* SideMenuViewController.swift in Sources */,
				8EFA959C29914C750031EA99 /* ListCharacterCell.swift in Sources */,
				8EFA959529914C180031EA99 /* RMViewController.swift in Sources */,
				8EFA959A29914C6F0031EA99 /* ListCharactersView.swift in Sources */,
				8EFA958F29914BD50031EA99 /* CoordinatorProtocol.swift in Sources */,
				8EFA95AA29914D850031EA99 /* SideMenuViewModel.swift in Sources */,
				8E08ACBB295B89750031D9E7 /* Fonts.swift in Sources */,
				8EFA959329914C180031EA99 /* RMView.swift in Sources */,
				8E08AC9D295B4F010031D9E7 /* RickAndMorty.xcdatamodeld in Sources */,
				8E08AC97295B4F010031D9E7 /* ListCharactersViewController.swift in Sources */,
				8EFA95AB29914D850031EA99 /* SideMenuCoordinator.swift in Sources */,
				8E08AC93295B4F010031D9E7 /* AppDelegate.swift in Sources */,
				8EFA959829914C630031EA99 /* ListCharactersCoordinator.swift in Sources */,
				8E08ACAB295B620D0031D9E7 /* Constants.swift in Sources */,
				8EFA95AE29914D850031EA99 /* SideMenuView.swift in Sources */,
				8ED4BA50297AD5CE0069B203 /* CascadeOperator.swift in Sources */,
				8EFA95AD29914D850031EA99 /* SideMenuRow.swift in Sources */,
				8E08ACB8295B89330031D9E7 /* TextSize.swift in Sources */,
				8E08AC95295B4F010031D9E7 /* SceneDelegate.swift in Sources */,
				8E08ACB5295B87EB0031D9E7 /* Spacing.swift in Sources */,
			);
			runOnlyForDeploymentPostprocessing = 0;
		};
/* End PBXSourcesBuildPhase section */

/* Begin XCBuildConfiguration section */
		8E08ACA4295B4F060031D9E7 /* Debug */ = {
			isa = XCBuildConfiguration;
			buildSettings = {
				ALWAYS_SEARCH_USER_PATHS = NO;
				CLANG_ANALYZER_NONNULL = YES;
				CLANG_ANALYZER_NUMBER_OBJECT_CONVERSION = YES_AGGRESSIVE;
				CLANG_CXX_LANGUAGE_STANDARD = "gnu++17";
				CLANG_CXX_LIBRARY = "libc++";
				CLANG_ENABLE_MODULES = YES;
				CLANG_ENABLE_OBJC_ARC = YES;
				CLANG_ENABLE_OBJC_WEAK = YES;
				CLANG_WARN_BLOCK_CAPTURE_AUTORELEASING = YES;
				CLANG_WARN_BOOL_CONVERSION = YES;
				CLANG_WARN_COMMA = YES;
				CLANG_WARN_CONSTANT_CONVERSION = YES;
				CLANG_WARN_DEPRECATED_OBJC_IMPLEMENTATIONS = YES;
				CLANG_WARN_DIRECT_OBJC_ISA_USAGE = YES_ERROR;
				CLANG_WARN_DOCUMENTATION_COMMENTS = YES;
				CLANG_WARN_EMPTY_BODY = YES;
				CLANG_WARN_ENUM_CONVERSION = YES;
				CLANG_WARN_INFINITE_RECURSION = YES;
				CLANG_WARN_INT_CONVERSION = YES;
				CLANG_WARN_NON_LITERAL_NULL_CONVERSION = YES;
				CLANG_WARN_OBJC_IMPLICIT_RETAIN_SELF = YES;
				CLANG_WARN_OBJC_LITERAL_CONVERSION = YES;
				CLANG_WARN_OBJC_ROOT_CLASS = YES_ERROR;
				CLANG_WARN_QUOTED_INCLUDE_IN_FRAMEWORK_HEADER = YES;
				CLANG_WARN_RANGE_LOOP_ANALYSIS = YES;
				CLANG_WARN_STRICT_PROTOTYPES = YES;
				CLANG_WARN_SUSPICIOUS_MOVE = YES;
				CLANG_WARN_UNGUARDED_AVAILABILITY = YES_AGGRESSIVE;
				CLANG_WARN_UNREACHABLE_CODE = YES;
				CLANG_WARN__DUPLICATE_METHOD_MATCH = YES;
				COPY_PHASE_STRIP = NO;
				DEBUG_INFORMATION_FORMAT = dwarf;
				ENABLE_STRICT_OBJC_MSGSEND = YES;
				ENABLE_TESTABILITY = YES;
				GCC_C_LANGUAGE_STANDARD = gnu11;
				GCC_DYNAMIC_NO_PIC = NO;
				GCC_NO_COMMON_BLOCKS = YES;
				GCC_OPTIMIZATION_LEVEL = 0;
				GCC_PREPROCESSOR_DEFINITIONS = (
					"DEBUG=1",
					"$(inherited)",
				);
				GCC_WARN_64_TO_32_BIT_CONVERSION = YES;
				GCC_WARN_ABOUT_RETURN_TYPE = YES_ERROR;
				GCC_WARN_UNDECLARED_SELECTOR = YES;
				GCC_WARN_UNINITIALIZED_AUTOS = YES_AGGRESSIVE;
				GCC_WARN_UNUSED_FUNCTION = YES;
				GCC_WARN_UNUSED_VARIABLE = YES;
				IPHONEOS_DEPLOYMENT_TARGET = 15.2;
				MTL_ENABLE_DEBUG_INFO = INCLUDE_SOURCE;
				MTL_FAST_MATH = YES;
				ONLY_ACTIVE_ARCH = YES;
				SDKROOT = iphoneos;
				SWIFT_ACTIVE_COMPILATION_CONDITIONS = DEBUG;
				SWIFT_OPTIMIZATION_LEVEL = "-Onone";
			};
			name = Debug;
		};
		8E08ACA5295B4F060031D9E7 /* Release */ = {
			isa = XCBuildConfiguration;
			buildSettings = {
				ALWAYS_SEARCH_USER_PATHS = NO;
				CLANG_ANALYZER_NONNULL = YES;
				CLANG_ANALYZER_NUMBER_OBJECT_CONVERSION = YES_AGGRESSIVE;
				CLANG_CXX_LANGUAGE_STANDARD = "gnu++17";
				CLANG_CXX_LIBRARY = "libc++";
				CLANG_ENABLE_MODULES = YES;
				CLANG_ENABLE_OBJC_ARC = YES;
				CLANG_ENABLE_OBJC_WEAK = YES;
				CLANG_WARN_BLOCK_CAPTURE_AUTORELEASING = YES;
				CLANG_WARN_BOOL_CONVERSION = YES;
				CLANG_WARN_COMMA = YES;
				CLANG_WARN_CONSTANT_CONVERSION = YES;
				CLANG_WARN_DEPRECATED_OBJC_IMPLEMENTATIONS = YES;
				CLANG_WARN_DIRECT_OBJC_ISA_USAGE = YES_ERROR;
				CLANG_WARN_DOCUMENTATION_COMMENTS = YES;
				CLANG_WARN_EMPTY_BODY = YES;
				CLANG_WARN_ENUM_CONVERSION = YES;
				CLANG_WARN_INFINITE_RECURSION = YES;
				CLANG_WARN_INT_CONVERSION = YES;
				CLANG_WARN_NON_LITERAL_NULL_CONVERSION = YES;
				CLANG_WARN_OBJC_IMPLICIT_RETAIN_SELF = YES;
				CLANG_WARN_OBJC_LITERAL_CONVERSION = YES;
				CLANG_WARN_OBJC_ROOT_CLASS = YES_ERROR;
				CLANG_WARN_QUOTED_INCLUDE_IN_FRAMEWORK_HEADER = YES;
				CLANG_WARN_RANGE_LOOP_ANALYSIS = YES;
				CLANG_WARN_STRICT_PROTOTYPES = YES;
				CLANG_WARN_SUSPICIOUS_MOVE = YES;
				CLANG_WARN_UNGUARDED_AVAILABILITY = YES_AGGRESSIVE;
				CLANG_WARN_UNREACHABLE_CODE = YES;
				CLANG_WARN__DUPLICATE_METHOD_MATCH = YES;
				COPY_PHASE_STRIP = NO;
				DEBUG_INFORMATION_FORMAT = "dwarf-with-dsym";
				ENABLE_NS_ASSERTIONS = NO;
				ENABLE_STRICT_OBJC_MSGSEND = YES;
				GCC_C_LANGUAGE_STANDARD = gnu11;
				GCC_NO_COMMON_BLOCKS = YES;
				GCC_WARN_64_TO_32_BIT_CONVERSION = YES;
				GCC_WARN_ABOUT_RETURN_TYPE = YES_ERROR;
				GCC_WARN_UNDECLARED_SELECTOR = YES;
				GCC_WARN_UNINITIALIZED_AUTOS = YES_AGGRESSIVE;
				GCC_WARN_UNUSED_FUNCTION = YES;
				GCC_WARN_UNUSED_VARIABLE = YES;
				IPHONEOS_DEPLOYMENT_TARGET = 15.2;
				MTL_ENABLE_DEBUG_INFO = NO;
				MTL_FAST_MATH = YES;
				SDKROOT = iphoneos;
				SWIFT_COMPILATION_MODE = wholemodule;
				SWIFT_OPTIMIZATION_LEVEL = "-O";
				VALIDATE_PRODUCT = YES;
			};
			name = Release;
		};
		8E08ACA7295B4F060031D9E7 /* Debug */ = {
			isa = XCBuildConfiguration;
			buildSettings = {
				ASSETCATALOG_COMPILER_APPICON_NAME = AppIcon;
				ASSETCATALOG_COMPILER_GLOBAL_ACCENT_COLOR_NAME = AccentColor;
				CODE_SIGN_STYLE = Automatic;
				CURRENT_PROJECT_VERSION = 1;
				DEVELOPMENT_TEAM = 53NF9GSNZX;
				GENERATE_INFOPLIST_FILE = YES;
				INFOPLIST_FILE = RickAndMorty/Info.plist;
				INFOPLIST_KEY_UIApplicationSupportsIndirectInputEvents = YES;
				INFOPLIST_KEY_UILaunchStoryboardName = LaunchScreen;
				INFOPLIST_KEY_UIMainStoryboardFile = LaunchScreen;
				INFOPLIST_KEY_UISupportedInterfaceOrientations_iPad = "UIInterfaceOrientationPortrait UIInterfaceOrientationPortraitUpsideDown UIInterfaceOrientationLandscapeLeft UIInterfaceOrientationLandscapeRight";
				INFOPLIST_KEY_UISupportedInterfaceOrientations_iPhone = "UIInterfaceOrientationPortrait UIInterfaceOrientationLandscapeLeft UIInterfaceOrientationLandscapeRight";
				LD_RUNPATH_SEARCH_PATHS = (
					"$(inherited)",
					"@executable_path/Frameworks",
				);
				MARKETING_VERSION = 1.0;
				PRODUCT_BUNDLE_IDENTIFIER = com.angealalves.RickAndMorty;
				PRODUCT_NAME = "$(TARGET_NAME)";
				SWIFT_EMIT_LOC_STRINGS = YES;
				SWIFT_VERSION = 5.0;
				TARGETED_DEVICE_FAMILY = "1,2";
			};
			name = Debug;
		};
		8E08ACA8295B4F060031D9E7 /* Release */ = {
			isa = XCBuildConfiguration;
			buildSettings = {
				ASSETCATALOG_COMPILER_APPICON_NAME = AppIcon;
				ASSETCATALOG_COMPILER_GLOBAL_ACCENT_COLOR_NAME = AccentColor;
				CODE_SIGN_STYLE = Automatic;
				CURRENT_PROJECT_VERSION = 1;
				DEVELOPMENT_TEAM = 53NF9GSNZX;
				GENERATE_INFOPLIST_FILE = YES;
				INFOPLIST_FILE = RickAndMorty/Info.plist;
				INFOPLIST_KEY_UIApplicationSupportsIndirectInputEvents = YES;
				INFOPLIST_KEY_UILaunchStoryboardName = LaunchScreen;
				INFOPLIST_KEY_UIMainStoryboardFile = LaunchScreen;
				INFOPLIST_KEY_UISupportedInterfaceOrientations_iPad = "UIInterfaceOrientationPortrait UIInterfaceOrientationPortraitUpsideDown UIInterfaceOrientationLandscapeLeft UIInterfaceOrientationLandscapeRight";
				INFOPLIST_KEY_UISupportedInterfaceOrientations_iPhone = "UIInterfaceOrientationPortrait UIInterfaceOrientationLandscapeLeft UIInterfaceOrientationLandscapeRight";
				LD_RUNPATH_SEARCH_PATHS = (
					"$(inherited)",
					"@executable_path/Frameworks",
				);
				MARKETING_VERSION = 1.0;
				PRODUCT_BUNDLE_IDENTIFIER = com.angealalves.RickAndMorty;
				PRODUCT_NAME = "$(TARGET_NAME)";
				SWIFT_EMIT_LOC_STRINGS = YES;
				SWIFT_VERSION = 5.0;
				TARGETED_DEVICE_FAMILY = "1,2";
			};
			name = Release;
		};
/* End XCBuildConfiguration section */

/* Begin XCConfigurationList section */
		8E08AC8A295B4F010031D9E7 /* Build configuration list for PBXProject "RickAndMorty" */ = {
			isa = XCConfigurationList;
			buildConfigurations = (
				8E08ACA4295B4F060031D9E7 /* Debug */,
				8E08ACA5295B4F060031D9E7 /* Release */,
			);
			defaultConfigurationIsVisible = 0;
			defaultConfigurationName = Release;
		};
		8E08ACA6295B4F060031D9E7 /* Build configuration list for PBXNativeTarget "RickAndMorty" */ = {
			isa = XCConfigurationList;
			buildConfigurations = (
				8E08ACA7295B4F060031D9E7 /* Debug */,
				8E08ACA8295B4F060031D9E7 /* Release */,
			);
			defaultConfigurationIsVisible = 0;
			defaultConfigurationName = Release;
		};
/* End XCConfigurationList section */

/* Begin XCRemoteSwiftPackageReference section */
		8ED4BA2B297AD14B0069B203 /* XCRemoteSwiftPackageReference "RxSwift" */ = {
			isa = XCRemoteSwiftPackageReference;
			repositoryURL = "https://github.com/ReactiveX/RxSwift";
			requirement = {
				kind = upToNextMajorVersion;
				minimumVersion = 6.0.0;
			};
		};
		8ED4BA32297AD15A0069B203 /* XCRemoteSwiftPackageReference "TinyConstraints" */ = {
			isa = XCRemoteSwiftPackageReference;
			repositoryURL = "https://github.com/roberthein/TinyConstraints";
			requirement = {
				branch = master;
				kind = branch;
			};
		};
		8ED4BA35297AD16A0069B203 /* XCRemoteSwiftPackageReference "Kingfisher" */ = {
			isa = XCRemoteSwiftPackageReference;
			repositoryURL = "https://github.com/onevcat/Kingfisher";
			requirement = {
				kind = upToNextMajorVersion;
				minimumVersion = 7.0.0;
			};
		};
/* End XCRemoteSwiftPackageReference section */

/* Begin XCSwiftPackageProductDependency section */
		8ED4BA2C297AD14B0069B203 /* RxCocoa */ = {
			isa = XCSwiftPackageProductDependency;
			package = 8ED4BA2B297AD14B0069B203 /* XCRemoteSwiftPackageReference "RxSwift" */;
			productName = RxCocoa;
		};
		8ED4BA2E297AD14B0069B203 /* RxRelay */ = {
			isa = XCSwiftPackageProductDependency;
			package = 8ED4BA2B297AD14B0069B203 /* XCRemoteSwiftPackageReference "RxSwift" */;
			productName = RxRelay;
		};
		8ED4BA30297AD14B0069B203 /* RxSwift */ = {
			isa = XCSwiftPackageProductDependency;
			package = 8ED4BA2B297AD14B0069B203 /* XCRemoteSwiftPackageReference "RxSwift" */;
			productName = RxSwift;
		};
		8ED4BA33297AD15A0069B203 /* TinyConstraints */ = {
			isa = XCSwiftPackageProductDependency;
			package = 8ED4BA32297AD15A0069B203 /* XCRemoteSwiftPackageReference "TinyConstraints" */;
			productName = TinyConstraints;
		};
		8ED4BA36297AD16A0069B203 /* Kingfisher */ = {
			isa = XCSwiftPackageProductDependency;
			package = 8ED4BA35297AD16A0069B203 /* XCRemoteSwiftPackageReference "Kingfisher" */;
			productName = Kingfisher;
		};
/* End XCSwiftPackageProductDependency section */

/* Begin XCVersionGroup section */
		8E08AC9B295B4F010031D9E7 /* RickAndMorty.xcdatamodeld */ = {
			isa = XCVersionGroup;
			children = (
				8E08AC9C295B4F010031D9E7 /* RickAndMorty.xcdatamodel */,
			);
			currentVersion = 8E08AC9C295B4F010031D9E7 /* RickAndMorty.xcdatamodel */;
			path = RickAndMorty.xcdatamodeld;
			sourceTree = "<group>";
			versionGroupType = wrapper.xcdatamodel;
		};
/* End XCVersionGroup section */
	};
	rootObject = 8E08AC87295B4F010031D9E7 /* Project object */;
}
