// !$*UTF8*$!
{
	archiveVersion = 1;
	classes = {
	};
	objectVersion = 52;
	objects = {

/* Begin PBXBuildFile section */
		02A8D3E86DFC44D30EBFF7BA /* CascadeOperator.swift in Sources */ = {isa = PBXBuildFile; fileRef = 17BB317E3AE369E988CDFA81 /* CascadeOperator.swift */; };
		058E20F4AFD7DF95CFCFA41F /* RMView.swift in Sources */ = {isa = PBXBuildFile; fileRef = 8D76BD64B9E66831B6A1A3ED /* RMView.swift */; };
		09D7E9990B35EBF7478AE36F /* Fonts.swift in Sources */ = {isa = PBXBuildFile; fileRef = 14D68F06C6CBB4105DC9A004 /* Fonts.swift */; };
		0BBED7583DED74E26BE5F340 /* AppDelegate.swift in Sources */ = {isa = PBXBuildFile; fileRef = 811516519B72EEA2F746456C /* AppDelegate.swift */; };
		0BDC540CB23264B2422F7656 /* RMService.swift in Sources */ = {isa = PBXBuildFile; fileRef = C8BB292C295EEE47CDD4FA1C /* RMService.swift */; };
		10379794E0072FBBD0261760 /* AppRoutes.swift in Sources */ = {isa = PBXBuildFile; fileRef = A36580FDDAA03FD06CD041D1 /* AppRoutes.swift */; };
		1977FB6600E54DA6E3D897FE /* ListPlacesViewModel.swift in Sources */ = {isa = PBXBuildFile; fileRef = 45DCA22075DA218EEB8DD5D5 /* ListPlacesViewModel.swift */; };
		1E9D70267F92CCB330D24F22 /* HomeViewController.swift in Sources */ = {isa = PBXBuildFile; fileRef = E191A0EF736B6AD841370E87 /* HomeViewController.swift */; };
		1F3B2003DBD50C398F8550BE /* Spacing.swift in Sources */ = {isa = PBXBuildFile; fileRef = A53CCDFAB9CDC1B158B5CB30 /* Spacing.swift */; };
		1FC48C7CA8F4D96BFE50A639 /* ListCharactersView.swift in Sources */ = {isa = PBXBuildFile; fileRef = A650CC65491312D877FB6B46 /* ListCharactersView.swift */; };
		21B5719994D2427576C287D3 /* ListEpisodesViewModel.swift in Sources */ = {isa = PBXBuildFile; fileRef = D289705AC96B18D8EBC84E8E /* ListEpisodesViewModel.swift */; };
		25E1D030D841CF2392722516 /* ListCharacterCell.swift in Sources */ = {isa = PBXBuildFile; fileRef = A44EF53FFDD6E7C805AFED61 /* ListCharacterCell.swift */; };
		2D1EE06CFCEE46E089D8A8F4 /* ListPlacesCell.swift in Sources */ = {isa = PBXBuildFile; fileRef = 8A38BF62C145798632BE6709 /* ListPlacesCell.swift */; };
		2F6F600DA13375D77BCFAAD7 /* Assets.xcassets in Resources */ = {isa = PBXBuildFile; fileRef = A75F9013D80FF3449F80135A /* Assets.xcassets */; };
		2F96D3D6639F1F53EC37A778 /* RickAndMortyEndpoints.swift in Sources */ = {isa = PBXBuildFile; fileRef = 9E8D7428794809C63A6D4336 /* RickAndMortyEndpoints.swift */; };
		31F211A5199DE3C086A43A8C /* RMClient.swift in Sources */ = {isa = PBXBuildFile; fileRef = EDDE5416BE6AC36240DF4D7F /* RMClient.swift */; };
		3975712465206584361BF4DA /* RMStackViewAttributes.swift in Sources */ = {isa = PBXBuildFile; fileRef = 1FE94DE87DE53412C28159AE /* RMStackViewAttributes.swift */; };
		413235195747CB54C90D5553 /* CharacterRoutes.swift in Sources */ = {isa = PBXBuildFile; fileRef = 260675ECE36D97292F77E128 /* CharacterRoutes.swift */; };
		467F6CC2B96ACA2E46B681BA /* RxSwift in Frameworks */ = {isa = PBXBuildFile; productRef = 0024CCF866E7041DE98C09C8 /* RxSwift */; };
		50A4B89012D71A4FA23E9918 /* ListCharactersViewModel.swift in Sources */ = {isa = PBXBuildFile; fileRef = 4E2593868F548D4045242558 /* ListCharactersViewModel.swift */; };
		510819AEADC749745A843219 /* Constants.swift in Sources */ = {isa = PBXBuildFile; fileRef = 710A9C5D7019150E85389845 /* Constants.swift */; };
		530FFA5B33E349D9BB96A4AD /* SceneDelegate.swift in Sources */ = {isa = PBXBuildFile; fileRef = CE7CE898C364F6F79B93F58C /* SceneDelegate.swift */; };
		57B965D0474ACAC9BD7D8CDB /* ListEpisodesViewController.swift in Sources */ = {isa = PBXBuildFile; fileRef = F6F3785430382FD7D9CAB5D6 /* ListEpisodesViewController.swift */; };
		5D207631C31D62E8484DD7A3 /* TinyConstraints in Frameworks */ = {isa = PBXBuildFile; productRef = E7A7F0E26647902AA8B635FC /* TinyConstraints */; };
		6382BD3FF45F71D7FF8A3064 /* CharacterResponse.swift in Sources */ = {isa = PBXBuildFile; fileRef = 138E19651089D9A5CA0D8D59 /* CharacterResponse.swift */; };
		66F9AD1941C6CE287BFDCA54 /* EpisodesResponse.swift in Sources */ = {isa = PBXBuildFile; fileRef = E7141031459E9D5041DCA9CF /* EpisodesResponse.swift */; };
		7AAD5E0FE52AE1AF8F3880A2 /* DetailsCharacterViewController.swift in Sources */ = {isa = PBXBuildFile; fileRef = EC39C489D556868DCCEEC157 /* DetailsCharacterViewController.swift */; };
		8DFA44A3E3A2AE9601148F8B /* CoordinatorProtocol.swift in Sources */ = {isa = PBXBuildFile; fileRef = 428F23C632D28E7C6CD0CB1F /* CoordinatorProtocol.swift */; };
		8EEA3E4344BB11CEF31C6E06 /* ListEpisodesCell.swift in Sources */ = {isa = PBXBuildFile; fileRef = 95001B6487805F0DDD096F0B /* ListEpisodesCell.swift */; };
		94DB73EF8E36D22A0D80D5AF /* HomeViewModel.swift in Sources */ = {isa = PBXBuildFile; fileRef = CFEAC44B13A0EA8C6BBE483A /* HomeViewModel.swift */; };
		95057FE27378756592BFC21B /* AppEndpoints.swift in Sources */ = {isa = PBXBuildFile; fileRef = AC9ADA79A698C686E1A880DA /* AppEndpoints.swift */; };
		95A5CEB41F2651724634683B /* ListCharactersViewController.swift in Sources */ = {isa = PBXBuildFile; fileRef = F87CD62D0ACCF010C78F3BC4 /* ListCharactersViewController.swift */; };
		9BD41C97238C587FE8BE2B00 /* ListPlacesViewController.swift in Sources */ = {isa = PBXBuildFile; fileRef = 0182B2125D44DFBE6C77BB61 /* ListPlacesViewController.swift */; };
		9EC5ACFABBEFB30BA5BE1BFA /* DetailsCharacterView.swift in Sources */ = {isa = PBXBuildFile; fileRef = CF9B6282DF3B6C0C6693D2A1 /* DetailsCharacterView.swift */; };
		9F009FABB63C90E4090E6E5C /* LaunchScreen.storyboard in Resources */ = {isa = PBXBuildFile; fileRef = A41EA8936CC1A5F23BA2E3E2 /* LaunchScreen.storyboard */; };
		9FD4B27AB3BAA02358E750C0 /* TextSize.swift in Sources */ = {isa = PBXBuildFile; fileRef = 47E5B7C13D5EED9AF1DEFF0E /* TextSize.swift */; };
		A0B688E673E9D7D13691F4EC /* DetailsCharacterViewModel.swift in Sources */ = {isa = PBXBuildFile; fileRef = EF8893334AA9A8A5F9D07A8A /* DetailsCharacterViewModel.swift */; };
		A1F1993A8B6C48C34D5FD2EC /* EndpointProtocol.swift in Sources */ = {isa = PBXBuildFile; fileRef = 7EF5119750766EBA2FE7C6B2 /* EndpointProtocol.swift */; };
		A6BC6BFC29CF41ACCCF01734 /* RMViewController.swift in Sources */ = {isa = PBXBuildFile; fileRef = 6BCE7C52E28FBDF8615400C3 /* RMViewController.swift */; };
		ABC5C286F2DFB1F51264ACA2 /* AppCoordinator.swift in Sources */ = {isa = PBXBuildFile; fileRef = 0F37BF812E9F69704B8E8A1E /* AppCoordinator.swift */; };
		AD5C91C7E45311F6881DCFBC /* ApiClient.swift in Sources */ = {isa = PBXBuildFile; fileRef = 3A700C12E7D3668FFC20BAAD /* ApiClient.swift */; };
		AF66AAE696F13CFCC496757A /* RMButton.swift in Sources */ = {isa = PBXBuildFile; fileRef = 9F05856E59061C892473B24A /* RMButton.swift */; };
		B3BC1D218A2DDA4EB60ED410 /* ListCharacterCoordinator.swift in Sources */ = {isa = PBXBuildFile; fileRef = 48AA14F83F6553A818EE1786 /* ListCharacterCoordinator.swift */; };
		B9664E84F7477A63E87BE963 /* HomeView.swift in Sources */ = {isa = PBXBuildFile; fileRef = FEBE6B99C10ECD761A62AC01 /* HomeView.swift */; };
		BBD60F6AC46DE4842654406C /* ListPlacesView.swift in Sources */ = {isa = PBXBuildFile; fileRef = 31455230C1DA62C79C7EA376 /* ListPlacesView.swift */; };
		C38613836E21565473E77A3E /* RickAndMorty.xcdatamodeld in Sources */ = {isa = PBXBuildFile; fileRef = 1CC2F27BD464518AE2DFD452 /* RickAndMorty.xcdatamodeld */; };
		C56C7F4FDAE9746729698D71 /* ListEpisodesView.swift in Sources */ = {isa = PBXBuildFile; fileRef = 8033D21F493E0FE2487E330E /* ListEpisodesView.swift */; };
		C8B353AE310A92F68AE031FC /* XCoordinator in Frameworks */ = {isa = PBXBuildFile; productRef = C30E0F57710D4C77474230DF /* XCoordinator */; };
		DA7A4C8FA8E46FDC9F5B9311 /* ErrorState.swift in Sources */ = {isa = PBXBuildFile; fileRef = 90DFA055507B28B73B59D275 /* ErrorState.swift */; };
		E33ECCAA4F2D344F53C256EE /* RMNavigationController.swift in Sources */ = {isa = PBXBuildFile; fileRef = B3C8EA084121A07DE8408C7B /* RMNavigationController.swift */; };
		E61F4B03C51A95FCC481E46A /* LocationsResponse.swift in Sources */ = {isa = PBXBuildFile; fileRef = 1CF1C3F8643FE210763D226C /* LocationsResponse.swift */; };
		E9D8D23A1272EA821DB20DFA /* AppColors.swift in Sources */ = {isa = PBXBuildFile; fileRef = 6921AEA0654C454F2F27E26E /* AppColors.swift */; };
		EBF5DB187BB6D793AF78ECAC /* ApiClientProtocol.swift in Sources */ = {isa = PBXBuildFile; fileRef = C4C5E7665BD74522DA007442 /* ApiClientProtocol.swift */; };
		FA1AB2A8A87976AEFE75D8BE /* Kingfisher in Frameworks */ = {isa = PBXBuildFile; productRef = 56EC7A2623C4AB5B73CE383D /* Kingfisher */; };
/* End PBXBuildFile section */

/* Begin PBXFileReference section */
		0182B2125D44DFBE6C77BB61 /* ListPlacesViewController.swift */ = {isa = PBXFileReference; lastKnownFileType = sourcecode.swift; path = ListPlacesViewController.swift; sourceTree = "<group>"; };
		0F37BF812E9F69704B8E8A1E /* AppCoordinator.swift */ = {isa = PBXFileReference; lastKnownFileType = sourcecode.swift; path = AppCoordinator.swift; sourceTree = "<group>"; };
		138E19651089D9A5CA0D8D59 /* CharacterResponse.swift */ = {isa = PBXFileReference; lastKnownFileType = sourcecode.swift; path = CharacterResponse.swift; sourceTree = "<group>"; };
		14D68F06C6CBB4105DC9A004 /* Fonts.swift */ = {isa = PBXFileReference; lastKnownFileType = sourcecode.swift; path = Fonts.swift; sourceTree = "<group>"; };
		17BB317E3AE369E988CDFA81 /* CascadeOperator.swift */ = {isa = PBXFileReference; lastKnownFileType = sourcecode.swift; path = CascadeOperator.swift; sourceTree = "<group>"; };
		1CF1C3F8643FE210763D226C /* LocationsResponse.swift */ = {isa = PBXFileReference; lastKnownFileType = sourcecode.swift; path = LocationsResponse.swift; sourceTree = "<group>"; };
		1FE94DE87DE53412C28159AE /* RMStackViewAttributes.swift */ = {isa = PBXFileReference; lastKnownFileType = sourcecode.swift; path = RMStackViewAttributes.swift; sourceTree = "<group>"; };
		260675ECE36D97292F77E128 /* CharacterRoutes.swift */ = {isa = PBXFileReference; lastKnownFileType = sourcecode.swift; path = CharacterRoutes.swift; sourceTree = "<group>"; };
		26671BD1C9C87DBFA5295332 /* RickAndMorty.xcdatamodel */ = {isa = PBXFileReference; lastKnownFileType = wrapper.xcdatamodel; path = RickAndMorty.xcdatamodel; sourceTree = "<group>"; };
		31455230C1DA62C79C7EA376 /* ListPlacesView.swift */ = {isa = PBXFileReference; lastKnownFileType = sourcecode.swift; path = ListPlacesView.swift; sourceTree = "<group>"; };
		3A700C12E7D3668FFC20BAAD /* ApiClient.swift */ = {isa = PBXFileReference; lastKnownFileType = sourcecode.swift; path = ApiClient.swift; sourceTree = "<group>"; };
		428F23C632D28E7C6CD0CB1F /* CoordinatorProtocol.swift */ = {isa = PBXFileReference; lastKnownFileType = sourcecode.swift; path = CoordinatorProtocol.swift; sourceTree = "<group>"; };
		45DCA22075DA218EEB8DD5D5 /* ListPlacesViewModel.swift */ = {isa = PBXFileReference; lastKnownFileType = sourcecode.swift; path = ListPlacesViewModel.swift; sourceTree = "<group>"; };
		47E5B7C13D5EED9AF1DEFF0E /* TextSize.swift */ = {isa = PBXFileReference; lastKnownFileType = sourcecode.swift; path = TextSize.swift; sourceTree = "<group>"; };
		48AA14F83F6553A818EE1786 /* ListCharacterCoordinator.swift */ = {isa = PBXFileReference; lastKnownFileType = sourcecode.swift; path = ListCharacterCoordinator.swift; sourceTree = "<group>"; };
		4E2593868F548D4045242558 /* ListCharactersViewModel.swift */ = {isa = PBXFileReference; lastKnownFileType = sourcecode.swift; path = ListCharactersViewModel.swift; sourceTree = "<group>"; };
		6921AEA0654C454F2F27E26E /* AppColors.swift */ = {isa = PBXFileReference; lastKnownFileType = sourcecode.swift; path = AppColors.swift; sourceTree = "<group>"; };
		6BCE7C52E28FBDF8615400C3 /* RMViewController.swift */ = {isa = PBXFileReference; lastKnownFileType = sourcecode.swift; path = RMViewController.swift; sourceTree = "<group>"; };
		710A9C5D7019150E85389845 /* Constants.swift */ = {isa = PBXFileReference; lastKnownFileType = sourcecode.swift; path = Constants.swift; sourceTree = "<group>"; };
		7EF5119750766EBA2FE7C6B2 /* EndpointProtocol.swift */ = {isa = PBXFileReference; lastKnownFileType = sourcecode.swift; path = EndpointProtocol.swift; sourceTree = "<group>"; };
		8033D21F493E0FE2487E330E /* ListEpisodesView.swift */ = {isa = PBXFileReference; lastKnownFileType = sourcecode.swift; path = ListEpisodesView.swift; sourceTree = "<group>"; };
		811516519B72EEA2F746456C /* AppDelegate.swift */ = {isa = PBXFileReference; lastKnownFileType = sourcecode.swift; path = AppDelegate.swift; sourceTree = "<group>"; };
		8A38BF62C145798632BE6709 /* ListPlacesCell.swift */ = {isa = PBXFileReference; lastKnownFileType = sourcecode.swift; path = ListPlacesCell.swift; sourceTree = "<group>"; };
		8D76BD64B9E66831B6A1A3ED /* RMView.swift */ = {isa = PBXFileReference; lastKnownFileType = sourcecode.swift; path = RMView.swift; sourceTree = "<group>"; };
		90DFA055507B28B73B59D275 /* ErrorState.swift */ = {isa = PBXFileReference; lastKnownFileType = sourcecode.swift; path = ErrorState.swift; sourceTree = "<group>"; };
		95001B6487805F0DDD096F0B /* ListEpisodesCell.swift */ = {isa = PBXFileReference; lastKnownFileType = sourcecode.swift; path = ListEpisodesCell.swift; sourceTree = "<group>"; };
		9E8D7428794809C63A6D4336 /* RickAndMortyEndpoints.swift */ = {isa = PBXFileReference; lastKnownFileType = sourcecode.swift; path = RickAndMortyEndpoints.swift; sourceTree = "<group>"; };
		9F05856E59061C892473B24A /* RMButton.swift */ = {isa = PBXFileReference; lastKnownFileType = sourcecode.swift; path = RMButton.swift; sourceTree = "<group>"; };
		A36580FDDAA03FD06CD041D1 /* AppRoutes.swift */ = {isa = PBXFileReference; lastKnownFileType = sourcecode.swift; path = AppRoutes.swift; sourceTree = "<group>"; };
		A41EA8936CC1A5F23BA2E3E2 /* LaunchScreen.storyboard */ = {isa = PBXFileReference; lastKnownFileType = file.storyboard; path = LaunchScreen.storyboard; sourceTree = "<group>"; };
		A44EF53FFDD6E7C805AFED61 /* ListCharacterCell.swift */ = {isa = PBXFileReference; lastKnownFileType = sourcecode.swift; path = ListCharacterCell.swift; sourceTree = "<group>"; };
		A53CCDFAB9CDC1B158B5CB30 /* Spacing.swift */ = {isa = PBXFileReference; lastKnownFileType = sourcecode.swift; path = Spacing.swift; sourceTree = "<group>"; };
		A650CC65491312D877FB6B46 /* ListCharactersView.swift */ = {isa = PBXFileReference; lastKnownFileType = sourcecode.swift; path = ListCharactersView.swift; sourceTree = "<group>"; };
		A75F9013D80FF3449F80135A /* Assets.xcassets */ = {isa = PBXFileReference; lastKnownFileType = folder.assetcatalog; path = Assets.xcassets; sourceTree = "<group>"; };
		AC9ADA79A698C686E1A880DA /* AppEndpoints.swift */ = {isa = PBXFileReference; lastKnownFileType = sourcecode.swift; path = AppEndpoints.swift; sourceTree = "<group>"; };
		B3C8EA084121A07DE8408C7B /* RMNavigationController.swift */ = {isa = PBXFileReference; lastKnownFileType = sourcecode.swift; path = RMNavigationController.swift; sourceTree = "<group>"; };
		C222FF1BAA2D779330C50C07 /* Info.plist */ = {isa = PBXFileReference; lastKnownFileType = text.plist; path = Info.plist; sourceTree = "<group>"; };
		C4C5E7665BD74522DA007442 /* ApiClientProtocol.swift */ = {isa = PBXFileReference; lastKnownFileType = sourcecode.swift; path = ApiClientProtocol.swift; sourceTree = "<group>"; };
		C8BB292C295EEE47CDD4FA1C /* RMService.swift */ = {isa = PBXFileReference; lastKnownFileType = sourcecode.swift; path = RMService.swift; sourceTree = "<group>"; };
		CE7CE898C364F6F79B93F58C /* SceneDelegate.swift */ = {isa = PBXFileReference; lastKnownFileType = sourcecode.swift; path = SceneDelegate.swift; sourceTree = "<group>"; };
		CF9B6282DF3B6C0C6693D2A1 /* DetailsCharacterView.swift */ = {isa = PBXFileReference; lastKnownFileType = sourcecode.swift; path = DetailsCharacterView.swift; sourceTree = "<group>"; };
		CFEAC44B13A0EA8C6BBE483A /* HomeViewModel.swift */ = {isa = PBXFileReference; lastKnownFileType = sourcecode.swift; path = HomeViewModel.swift; sourceTree = "<group>"; };
		D289705AC96B18D8EBC84E8E /* ListEpisodesViewModel.swift */ = {isa = PBXFileReference; lastKnownFileType = sourcecode.swift; path = ListEpisodesViewModel.swift; sourceTree = "<group>"; };
		E191A0EF736B6AD841370E87 /* HomeViewController.swift */ = {isa = PBXFileReference; lastKnownFileType = sourcecode.swift; path = HomeViewController.swift; sourceTree = "<group>"; };
		E7141031459E9D5041DCA9CF /* EpisodesResponse.swift */ = {isa = PBXFileReference; lastKnownFileType = sourcecode.swift; path = EpisodesResponse.swift; sourceTree = "<group>"; };
		EC39C489D556868DCCEEC157 /* DetailsCharacterViewController.swift */ = {isa = PBXFileReference; lastKnownFileType = sourcecode.swift; path = DetailsCharacterViewController.swift; sourceTree = "<group>"; };
		EDDE5416BE6AC36240DF4D7F /* RMClient.swift */ = {isa = PBXFileReference; lastKnownFileType = sourcecode.swift; path = RMClient.swift; sourceTree = "<group>"; };
		EF8893334AA9A8A5F9D07A8A /* DetailsCharacterViewModel.swift */ = {isa = PBXFileReference; lastKnownFileType = sourcecode.swift; path = DetailsCharacterViewModel.swift; sourceTree = "<group>"; };
		F6F3785430382FD7D9CAB5D6 /* ListEpisodesViewController.swift */ = {isa = PBXFileReference; lastKnownFileType = sourcecode.swift; path = ListEpisodesViewController.swift; sourceTree = "<group>"; };
		F87CD62D0ACCF010C78F3BC4 /* ListCharactersViewController.swift */ = {isa = PBXFileReference; lastKnownFileType = sourcecode.swift; path = ListCharactersViewController.swift; sourceTree = "<group>"; };
		FD6299CA587CE275D4EDFDAA /* RickAndMorty.app */ = {isa = PBXFileReference; includeInIndex = 0; lastKnownFileType = wrapper.application; path = RickAndMorty.app; sourceTree = BUILT_PRODUCTS_DIR; };
		FEBE6B99C10ECD761A62AC01 /* HomeView.swift */ = {isa = PBXFileReference; lastKnownFileType = sourcecode.swift; path = HomeView.swift; sourceTree = "<group>"; };
/* End PBXFileReference section */

/* Begin PBXFrameworksBuildPhase section */
		41F5159C258BC8F9B5B0D464 /* Frameworks */ = {
			isa = PBXFrameworksBuildPhase;
			buildActionMask = 2147483647;
			files = (
				5D207631C31D62E8484DD7A3 /* TinyConstraints in Frameworks */,
				FA1AB2A8A87976AEFE75D8BE /* Kingfisher in Frameworks */,
				467F6CC2B96ACA2E46B681BA /* RxSwift in Frameworks */,
				C8B353AE310A92F68AE031FC /* XCoordinator in Frameworks */,
			);
			runOnlyForDeploymentPostprocessing = 0;
		};
/* End PBXFrameworksBuildPhase section */

/* Begin PBXGroup section */
		069D53908FAB64FD98B36BF5 /* Subviews */ = {
			isa = PBXGroup;
			children = (
				95001B6487805F0DDD096F0B /* ListEpisodesCell.swift */,
			);
			path = Subviews;
			sourceTree = "<group>";
		};
		0AC7B4A6B016861EB2CAF116 /* Controller */ = {
			isa = PBXGroup;
			children = (
				F6F3785430382FD7D9CAB5D6 /* ListEpisodesViewController.swift */,
			);
			path = Controller;
			sourceTree = "<group>";
		};
		0AC8534286FCAC3C23666AD5 /* Controller */ = {
			isa = PBXGroup;
			children = (
				E191A0EF736B6AD841370E87 /* HomeViewController.swift */,
			);
			path = Controller;
			sourceTree = "<group>";
		};
		18D14215F1AF1B880E3822EB /* DesignSystem */ = {
			isa = PBXGroup;
			children = (
				67E63C28D7011AFC2CE419E7 /* Colors */,
				F8D3D7AD36720D5B74E3DDA4 /* Fonts */,
				471C4CB4F4E910E884AD2EE0 /* Spacing */,
				8B18E0A41C9637511BB35EA8 /* TextSize */,
			);
			path = DesignSystem;
			sourceTree = "<group>";
		};
		2B6822749D94AB735CCE6E80 /* View */ = {
			isa = PBXGroup;
			children = (
				8033D21F493E0FE2487E330E /* ListEpisodesView.swift */,
				069D53908FAB64FD98B36BF5 /* Subviews */,
			);
			path = View;
			sourceTree = "<group>";
		};
		2F3DBB32E25229B9A81A3B2B /* Coordinator */ = {
			isa = PBXGroup;
			children = (
				0F37BF812E9F69704B8E8A1E /* AppCoordinator.swift */,
				62C9432ED260AEB19743C078 /* Protocol */,
				A6A7733F87C7A916FE536082 /* Routes */,
			);
			path = Coordinator;
			sourceTree = "<group>";
		};
		358FB534FB027D9553BA05A9 /* Subviews */ = {
			isa = PBXGroup;
			children = (
				A44EF53FFDD6E7C805AFED61 /* ListCharacterCell.swift */,
			);
			path = Subviews;
			sourceTree = "<group>";
		};
		378A24B5701DA63DAF895751 /* Models */ = {
			isa = PBXGroup;
			children = (
				AC9ADA79A698C686E1A880DA /* AppEndpoints.swift */,
				138E19651089D9A5CA0D8D59 /* CharacterResponse.swift */,
				E7141031459E9D5041DCA9CF /* EpisodesResponse.swift */,
				90DFA055507B28B73B59D275 /* ErrorState.swift */,
				1CF1C3F8643FE210763D226C /* LocationsResponse.swift */,
			);
			path = Models;
			sourceTree = "<group>";
		};
		391C8E00CF865F1E95F61BCA /* ViewModel */ = {
			isa = PBXGroup;
			children = (
				EF8893334AA9A8A5F9D07A8A /* DetailsCharacterViewModel.swift */,
			);
			path = ViewModel;
			sourceTree = "<group>";
		};
		3F637BE142FE111982D0C69E /* Products */ = {
			isa = PBXGroup;
			children = (
				FD6299CA587CE275D4EDFDAA /* RickAndMorty.app */,
			);
			name = Products;
			sourceTree = "<group>";
		};
		4678738AFD0AF2A0186912C6 /* View */ = {
			isa = PBXGroup;
			children = (
				A650CC65491312D877FB6B46 /* ListCharactersView.swift */,
				358FB534FB027D9553BA05A9 /* Subviews */,
			);
			path = View;
			sourceTree = "<group>";
		};
		4689FA0C84254651D5D371AE /* Controller */ = {
			isa = PBXGroup;
			children = (
				0182B2125D44DFBE6C77BB61 /* ListPlacesViewController.swift */,
			);
			path = Controller;
			sourceTree = "<group>";
		};
		471C4CB4F4E910E884AD2EE0 /* Spacing */ = {
			isa = PBXGroup;
			children = (
				A53CCDFAB9CDC1B158B5CB30 /* Spacing.swift */,
			);
			path = Spacing;
			sourceTree = "<group>";
		};
		4F00A303FCEA03B39084B557 /* Protocols */ = {
			isa = PBXGroup;
			children = (
				C4C5E7665BD74522DA007442 /* ApiClientProtocol.swift */,
			);
			path = Protocols;
			sourceTree = "<group>";
		};
		59A144063A64D0296D475925 /* ViewModel */ = {
			isa = PBXGroup;
			children = (
				4E2593868F548D4045242558 /* ListCharactersViewModel.swift */,
			);
			path = ViewModel;
			sourceTree = "<group>";
		};
		5EABE0238664C8D38D454EC2 /* Subviews */ = {
			isa = PBXGroup;
			children = (
				8A38BF62C145798632BE6709 /* ListPlacesCell.swift */,
			);
			path = Subviews;
			sourceTree = "<group>";
		};
		62C9432ED260AEB19743C078 /* Protocol */ = {
			isa = PBXGroup;
			children = (
				428F23C632D28E7C6CD0CB1F /* CoordinatorProtocol.swift */,
			);
			path = Protocol;
			sourceTree = "<group>";
		};
		676B92D82201A1F91197D33C /* Common */ = {
			isa = PBXGroup;
			children = (
				BFC2CFE40410E75A08B79401 /* Components */,
				2F3DBB32E25229B9A81A3B2B /* Coordinator */,
				CCB1893F4F387DA15364580F /* Tools */,
			);
			path = Common;
			sourceTree = "<group>";
		};
		676BFD0949D5D681C5E10C08 /* ViewModel */ = {
			isa = PBXGroup;
			children = (
				45DCA22075DA218EEB8DD5D5 /* ListPlacesViewModel.swift */,
			);
			path = ViewModel;
			sourceTree = "<group>";
		};
		67E63C28D7011AFC2CE419E7 /* Colors */ = {
			isa = PBXGroup;
			children = (
				6921AEA0654C454F2F27E26E /* AppColors.swift */,
			);
			path = Colors;
			sourceTree = "<group>";
		};
		685D75B0F28E232A05DE9644 /* Views */ = {
			isa = PBXGroup;
			children = (
				FEBE6B99C10ECD761A62AC01 /* HomeView.swift */,
			);
			path = Views;
			sourceTree = "<group>";
		};
		6958205A9E2750BF4AEFD813 /* ListCharacters */ = {
			isa = PBXGroup;
			children = (
				84221BDEB753C072C0EA852D /* Controller */,
				4678738AFD0AF2A0186912C6 /* View */,
				59A144063A64D0296D475925 /* ViewModel */,
			);
			path = ListCharacters;
			sourceTree = "<group>";
		};
		7788513513504E1129874962 /* Service */ = {
			isa = PBXGroup;
			children = (
				EDDE5416BE6AC36240DF4D7F /* RMClient.swift */,
				C8BB292C295EEE47CDD4FA1C /* RMService.swift */,
				F9968212BF7D5BBA224FD2AF /* Endpoints */,
				A192FF636D00E82198DAA8AC /* Enums */,
				378A24B5701DA63DAF895751 /* Models */,
				4F00A303FCEA03B39084B557 /* Protocols */,
			);
			path = Service;
			sourceTree = "<group>";
		};
		7A5B86728E1B36C7D51DA838 /* ListPlaces */ = {
			isa = PBXGroup;
			children = (
				4689FA0C84254651D5D371AE /* Controller */,
				FEFD957D7C0CB2B5521740D3 /* View */,
				676BFD0949D5D681C5E10C08 /* ViewModel */,
			);
			path = ListPlaces;
			sourceTree = "<group>";
		};
		7A9695B618460E55BD5BC94B /* Coordinator */ = {
			isa = PBXGroup;
			children = (
				48AA14F83F6553A818EE1786 /* ListCharacterCoordinator.swift */,
			);
			path = Coordinator;
			sourceTree = "<group>";
		};
		7BB79F2D8856D0B8EAC725CA /* CoreData */ = {
			isa = PBXGroup;
			children = (
				1CC2F27BD464518AE2DFD452 /* RickAndMorty.xcdatamodeld */,
			);
			path = CoreData;
			sourceTree = "<group>";
		};
		84221BDEB753C072C0EA852D /* Controller */ = {
			isa = PBXGroup;
			children = (
				F87CD62D0ACCF010C78F3BC4 /* ListCharactersViewController.swift */,
			);
			path = Controller;
			sourceTree = "<group>";
		};
		84434A51FB8E970AF390050D = {
			isa = PBXGroup;
			children = (
				EF2C10E01258E14EE0227B81 /* RickAndMorty */,
				3F637BE142FE111982D0C69E /* Products */,
			);
			sourceTree = "<group>";
		};
		87C8645D4B8EDFB1969E7DF7 /* ListEpisodes */ = {
			isa = PBXGroup;
			children = (
				0AC7B4A6B016861EB2CAF116 /* Controller */,
				2B6822749D94AB735CCE6E80 /* View */,
				EA40E14B9406E4CE7BFE1DB2 /* ViewModel */,
			);
			path = ListEpisodes;
			sourceTree = "<group>";
		};
		8B18E0A41C9637511BB35EA8 /* TextSize */ = {
			isa = PBXGroup;
			children = (
				47E5B7C13D5EED9AF1DEFF0E /* TextSize.swift */,
			);
			path = TextSize;
			sourceTree = "<group>";
		};
		94868EB1B49C899E09904042 /* Controller */ = {
			isa = PBXGroup;
			children = (
				EC39C489D556868DCCEEC157 /* DetailsCharacterViewController.swift */,
			);
			path = Controller;
			sourceTree = "<group>";
		};
		97253EB99E8B9982C82D9DAF /* Character */ = {
			isa = PBXGroup;
			children = (
				7A9695B618460E55BD5BC94B /* Coordinator */,
				DAD42F2E5DA1EC9DB4447517 /* DetailsCharacter */,
				6958205A9E2750BF4AEFD813 /* ListCharacters */,
			);
			path = Character;
			sourceTree = "<group>";
		};
		979AB8683626693F1C8DE580 /* Presentation */ = {
			isa = PBXGroup;
			children = (
				97253EB99E8B9982C82D9DAF /* Character */,
				F6FB35E7A1528048BC4E029E /* Home */,
				87C8645D4B8EDFB1969E7DF7 /* ListEpisodes */,
				7A5B86728E1B36C7D51DA838 /* ListPlaces */,
			);
			path = Presentation;
			sourceTree = "<group>";
		};
		A192FF636D00E82198DAA8AC /* Enums */ = {
			isa = PBXGroup;
			children = (
				3A700C12E7D3668FFC20BAAD /* ApiClient.swift */,
			);
			path = Enums;
			sourceTree = "<group>";
		};
		A6A7733F87C7A916FE536082 /* Routes */ = {
			isa = PBXGroup;
			children = (
				A36580FDDAA03FD06CD041D1 /* AppRoutes.swift */,
				260675ECE36D97292F77E128 /* CharacterRoutes.swift */,
			);
			path = Routes;
			sourceTree = "<group>";
		};
		A6FE21BE3456C40B8F63751F /* Resource */ = {
			isa = PBXGroup;
			children = (
				A75F9013D80FF3449F80135A /* Assets.xcassets */,
			);
			path = Resource;
			sourceTree = "<group>";
		};
		BFC2CFE40410E75A08B79401 /* Components */ = {
			isa = PBXGroup;
			children = (
				9F05856E59061C892473B24A /* RMButton.swift */,
				B3C8EA084121A07DE8408C7B /* RMNavigationController.swift */,
				1FE94DE87DE53412C28159AE /* RMStackViewAttributes.swift */,
				8D76BD64B9E66831B6A1A3ED /* RMView.swift */,
				6BCE7C52E28FBDF8615400C3 /* RMViewController.swift */,
			);
			path = Components;
			sourceTree = "<group>";
		};
		C4178AB7A4B7F3761FF2B3AC /* View */ = {
			isa = PBXGroup;
			children = (
				CF9B6282DF3B6C0C6693D2A1 /* DetailsCharacterView.swift */,
			);
			path = View;
			sourceTree = "<group>";
		};
		C6584820E0DD98AB65D3A00B /* Constants */ = {
			isa = PBXGroup;
			children = (
				710A9C5D7019150E85389845 /* Constants.swift */,
				18D14215F1AF1B880E3822EB /* DesignSystem */,
			);
			path = Constants;
			sourceTree = "<group>";
		};
		CCB1893F4F387DA15364580F /* Tools */ = {
			isa = PBXGroup;
			children = (
				17BB317E3AE369E988CDFA81 /* CascadeOperator.swift */,
			);
			path = Tools;
			sourceTree = "<group>";
		};
		DAD42F2E5DA1EC9DB4447517 /* DetailsCharacter */ = {
			isa = PBXGroup;
			children = (
				94868EB1B49C899E09904042 /* Controller */,
				C4178AB7A4B7F3761FF2B3AC /* View */,
				391C8E00CF865F1E95F61BCA /* ViewModel */,
			);
			path = DetailsCharacter;
			sourceTree = "<group>";
		};
		DB75B2900A49B3D090A2234E /* Sources */ = {
			isa = PBXGroup;
			children = (
				676B92D82201A1F91197D33C /* Common */,
				C6584820E0DD98AB65D3A00B /* Constants */,
				979AB8683626693F1C8DE580 /* Presentation */,
				7788513513504E1129874962 /* Service */,
			);
			path = Sources;
			sourceTree = "<group>";
		};
		DB9082DC650ECB5215CC0B75 /* ViewModel */ = {
			isa = PBXGroup;
			children = (
				CFEAC44B13A0EA8C6BBE483A /* HomeViewModel.swift */,
			);
			path = ViewModel;
			sourceTree = "<group>";
		};
		EA40E14B9406E4CE7BFE1DB2 /* ViewModel */ = {
			isa = PBXGroup;
			children = (
				D289705AC96B18D8EBC84E8E /* ListEpisodesViewModel.swift */,
			);
			path = ViewModel;
			sourceTree = "<group>";
		};
		EF2C10E01258E14EE0227B81 /* RickAndMorty */ = {
			isa = PBXGroup;
			children = (
				811516519B72EEA2F746456C /* AppDelegate.swift */,
				C222FF1BAA2D779330C50C07 /* Info.plist */,
				A41EA8936CC1A5F23BA2E3E2 /* LaunchScreen.storyboard */,
				CE7CE898C364F6F79B93F58C /* SceneDelegate.swift */,
				7BB79F2D8856D0B8EAC725CA /* CoreData */,
				A6FE21BE3456C40B8F63751F /* Resource */,
				DB75B2900A49B3D090A2234E /* Sources */,
			);
			path = RickAndMorty;
			sourceTree = "<group>";
		};
		F6FB35E7A1528048BC4E029E /* Home */ = {
			isa = PBXGroup;
			children = (
				0AC8534286FCAC3C23666AD5 /* Controller */,
				DB9082DC650ECB5215CC0B75 /* ViewModel */,
				685D75B0F28E232A05DE9644 /* Views */,
			);
			path = Home;
			sourceTree = "<group>";
		};
		F8D3D7AD36720D5B74E3DDA4 /* Fonts */ = {
			isa = PBXGroup;
			children = (
				14D68F06C6CBB4105DC9A004 /* Fonts.swift */,
			);
			path = Fonts;
			sourceTree = "<group>";
		};
		F9968212BF7D5BBA224FD2AF /* Endpoints */ = {
			isa = PBXGroup;
			children = (
				7EF5119750766EBA2FE7C6B2 /* EndpointProtocol.swift */,
				9E8D7428794809C63A6D4336 /* RickAndMortyEndpoints.swift */,
			);
			path = Endpoints;
			sourceTree = "<group>";
		};
		FEFD957D7C0CB2B5521740D3 /* View */ = {
			isa = PBXGroup;
			children = (
				31455230C1DA62C79C7EA376 /* ListPlacesView.swift */,
				5EABE0238664C8D38D454EC2 /* Subviews */,
			);
			path = View;
			sourceTree = "<group>";
		};
/* End PBXGroup section */

/* Begin PBXNativeTarget section */
		1A41BF113098EE09E33EB267 /* RickAndMorty */ = {
			isa = PBXNativeTarget;
			buildConfigurationList = 9AD41523C25FFF4CA060FD6A /* Build configuration list for PBXNativeTarget "RickAndMorty" */;
			buildPhases = (
				4F7270F557DEB75C93E01FE9 /* Sources */,
				2E1C6EE50459FAB08DDDD6B2 /* Resources */,
				41F5159C258BC8F9B5B0D464 /* Frameworks */,
			);
			buildRules = (
			);
			dependencies = (
			);
			name = RickAndMorty;
			packageProductDependencies = (
				E7A7F0E26647902AA8B635FC /* TinyConstraints */,
				56EC7A2623C4AB5B73CE383D /* Kingfisher */,
				0024CCF866E7041DE98C09C8 /* RxSwift */,
				C30E0F57710D4C77474230DF /* XCoordinator */,
			);
			productName = RickAndMorty;
			productReference = FD6299CA587CE275D4EDFDAA /* RickAndMorty.app */;
			productType = "com.apple.product-type.application";
		};
/* End PBXNativeTarget section */

/* Begin PBXProject section */
		840E59B885E5A5E8F8F794D2 /* Project object */ = {
			isa = PBXProject;
			attributes = {
				LastUpgradeCheck = 1200;
			};
			buildConfigurationList = 043DA82325F1B02FABC26026 /* Build configuration list for PBXProject "RickAndMorty" */;
			compatibilityVersion = "Xcode 11.0";
			developmentRegion = en;
			hasScannedForEncodings = 0;
			knownRegions = (
				Base,
				en,
			);
			mainGroup = 84434A51FB8E970AF390050D;
			packageReferences = (
				991EEC2BAC36EE1FEF9462B2 /* XCRemoteSwiftPackageReference "Kingfisher" */,
				60FD530943BF4458A3F0E6DE /* XCRemoteSwiftPackageReference "RxSwift" */,
				AD7E848F91565FC897DDA158 /* XCRemoteSwiftPackageReference "TinyConstraints" */,
				EE368432A4B5BB444528531A /* XCRemoteSwiftPackageReference "XCoordinator" */,
			);
			projectDirPath = "";
			projectRoot = "";
			targets = (
				1A41BF113098EE09E33EB267 /* RickAndMorty */,
			);
		};
/* End PBXProject section */

/* Begin PBXResourcesBuildPhase section */
		2E1C6EE50459FAB08DDDD6B2 /* Resources */ = {
			isa = PBXResourcesBuildPhase;
			buildActionMask = 2147483647;
			files = (
				2F6F600DA13375D77BCFAAD7 /* Assets.xcassets in Resources */,
				9F009FABB63C90E4090E6E5C /* LaunchScreen.storyboard in Resources */,
			);
			runOnlyForDeploymentPostprocessing = 0;
		};
/* End PBXResourcesBuildPhase section */

/* Begin PBXSourcesBuildPhase section */
		4F7270F557DEB75C93E01FE9 /* Sources */ = {
			isa = PBXSourcesBuildPhase;
			buildActionMask = 2147483647;
			files = (
				AD5C91C7E45311F6881DCFBC /* ApiClient.swift in Sources */,
				EBF5DB187BB6D793AF78ECAC /* ApiClientProtocol.swift in Sources */,
				E9D8D23A1272EA821DB20DFA /* AppColors.swift in Sources */,
				ABC5C286F2DFB1F51264ACA2 /* AppCoordinator.swift in Sources */,
				0BBED7583DED74E26BE5F340 /* AppDelegate.swift in Sources */,
				95057FE27378756592BFC21B /* AppEndpoints.swift in Sources */,
				10379794E0072FBBD0261760 /* AppRoutes.swift in Sources */,
				02A8D3E86DFC44D30EBFF7BA /* CascadeOperator.swift in Sources */,
				6382BD3FF45F71D7FF8A3064 /* CharacterResponse.swift in Sources */,
				413235195747CB54C90D5553 /* CharacterRoutes.swift in Sources */,
				510819AEADC749745A843219 /* Constants.swift in Sources */,
				8DFA44A3E3A2AE9601148F8B /* CoordinatorProtocol.swift in Sources */,
				9EC5ACFABBEFB30BA5BE1BFA /* DetailsCharacterView.swift in Sources */,
				7AAD5E0FE52AE1AF8F3880A2 /* DetailsCharacterViewController.swift in Sources */,
				A0B688E673E9D7D13691F4EC /* DetailsCharacterViewModel.swift in Sources */,
				A1F1993A8B6C48C34D5FD2EC /* EndpointProtocol.swift in Sources */,
				66F9AD1941C6CE287BFDCA54 /* EpisodesResponse.swift in Sources */,
				DA7A4C8FA8E46FDC9F5B9311 /* ErrorState.swift in Sources */,
				09D7E9990B35EBF7478AE36F /* Fonts.swift in Sources */,
				B9664E84F7477A63E87BE963 /* HomeView.swift in Sources */,
				1E9D70267F92CCB330D24F22 /* HomeViewController.swift in Sources */,
				94DB73EF8E36D22A0D80D5AF /* HomeViewModel.swift in Sources */,
				25E1D030D841CF2392722516 /* ListCharacterCell.swift in Sources */,
				B3BC1D218A2DDA4EB60ED410 /* ListCharacterCoordinator.swift in Sources */,
				1FC48C7CA8F4D96BFE50A639 /* ListCharactersView.swift in Sources */,
				95A5CEB41F2651724634683B /* ListCharactersViewController.swift in Sources */,
				50A4B89012D71A4FA23E9918 /* ListCharactersViewModel.swift in Sources */,
				8EEA3E4344BB11CEF31C6E06 /* ListEpisodesCell.swift in Sources */,
				C56C7F4FDAE9746729698D71 /* ListEpisodesView.swift in Sources */,
				57B965D0474ACAC9BD7D8CDB /* ListEpisodesViewController.swift in Sources */,
				21B5719994D2427576C287D3 /* ListEpisodesViewModel.swift in Sources */,
				2D1EE06CFCEE46E089D8A8F4 /* ListPlacesCell.swift in Sources */,
				BBD60F6AC46DE4842654406C /* ListPlacesView.swift in Sources */,
				9BD41C97238C587FE8BE2B00 /* ListPlacesViewController.swift in Sources */,
				1977FB6600E54DA6E3D897FE /* ListPlacesViewModel.swift in Sources */,
				E61F4B03C51A95FCC481E46A /* LocationsResponse.swift in Sources */,
				AF66AAE696F13CFCC496757A /* RMButton.swift in Sources */,
				31F211A5199DE3C086A43A8C /* RMClient.swift in Sources */,
				E33ECCAA4F2D344F53C256EE /* RMNavigationController.swift in Sources */,
				0BDC540CB23264B2422F7656 /* RMService.swift in Sources */,
				3975712465206584361BF4DA /* RMStackViewAttributes.swift in Sources */,
				058E20F4AFD7DF95CFCFA41F /* RMView.swift in Sources */,
				A6BC6BFC29CF41ACCCF01734 /* RMViewController.swift in Sources */,
				C38613836E21565473E77A3E /* RickAndMorty.xcdatamodeld in Sources */,
				2F96D3D6639F1F53EC37A778 /* RickAndMortyEndpoints.swift in Sources */,
				530FFA5B33E349D9BB96A4AD /* SceneDelegate.swift in Sources */,
				1F3B2003DBD50C398F8550BE /* Spacing.swift in Sources */,
				9FD4B27AB3BAA02358E750C0 /* TextSize.swift in Sources */,
			);
			runOnlyForDeploymentPostprocessing = 0;
		};
/* End PBXSourcesBuildPhase section */

/* Begin XCBuildConfiguration section */
		3FF56C37EBBEDEDEBA049BAA /* Release */ = {
			isa = XCBuildConfiguration;
			buildSettings = {
				ALWAYS_SEARCH_USER_PATHS = NO;
				CLANG_ANALYZER_NONNULL = YES;
				CLANG_ANALYZER_NUMBER_OBJECT_CONVERSION = YES_AGGRESSIVE;
				CLANG_CXX_LANGUAGE_STANDARD = "gnu++14";
				CLANG_CXX_LIBRARY = "libc++";
				CLANG_ENABLE_MODULES = YES;
				CLANG_ENABLE_OBJC_ARC = YES;
				CLANG_ENABLE_OBJC_WEAK = YES;
				CLANG_WARN_BLOCK_CAPTURE_AUTORELEASING = YES;
				CLANG_WARN_BOOL_CONVERSION = YES;
				CLANG_WARN_COMMA = YES;
				CLANG_WARN_CONSTANT_CONVERSION = YES;
				CLANG_WARN_DEPRECATED_OBJC_IMPLEMENTATIONS = YES;
				CLANG_WARN_DIRECT_OBJC_ISA_USAGE = YES_ERROR;
				CLANG_WARN_DOCUMENTATION_COMMENTS = YES;
				CLANG_WARN_EMPTY_BODY = YES;
				CLANG_WARN_ENUM_CONVERSION = YES;
				CLANG_WARN_INFINITE_RECURSION = YES;
				CLANG_WARN_INT_CONVERSION = YES;
				CLANG_WARN_NON_LITERAL_NULL_CONVERSION = YES;
				CLANG_WARN_OBJC_IMPLICIT_RETAIN_SELF = YES;
				CLANG_WARN_OBJC_LITERAL_CONVERSION = YES;
				CLANG_WARN_OBJC_ROOT_CLASS = YES_ERROR;
				CLANG_WARN_QUOTED_INCLUDE_IN_FRAMEWORK_HEADER = YES;
				CLANG_WARN_RANGE_LOOP_ANALYSIS = YES;
				CLANG_WARN_STRICT_PROTOTYPES = YES;
				CLANG_WARN_SUSPICIOUS_MOVE = YES;
				CLANG_WARN_UNGUARDED_AVAILABILITY = YES_AGGRESSIVE;
				CLANG_WARN_UNREACHABLE_CODE = YES;
				CLANG_WARN__DUPLICATE_METHOD_MATCH = YES;
				COPY_PHASE_STRIP = NO;
				DEBUG_INFORMATION_FORMAT = "dwarf-with-dsym";
				ENABLE_NS_ASSERTIONS = NO;
				ENABLE_STRICT_OBJC_MSGSEND = YES;
				GCC_C_LANGUAGE_STANDARD = gnu11;
				GCC_NO_COMMON_BLOCKS = YES;
				GCC_WARN_64_TO_32_BIT_CONVERSION = YES;
				GCC_WARN_ABOUT_RETURN_TYPE = YES_ERROR;
				GCC_WARN_UNDECLARED_SELECTOR = YES;
				GCC_WARN_UNINITIALIZED_AUTOS = YES_AGGRESSIVE;
				GCC_WARN_UNUSED_FUNCTION = YES;
				GCC_WARN_UNUSED_VARIABLE = YES;
				MTL_ENABLE_DEBUG_INFO = NO;
				MTL_FAST_MATH = YES;
				PRODUCT_NAME = "$(TARGET_NAME)";
				SDKROOT = iphoneos;
				SWIFT_COMPILATION_MODE = wholemodule;
				SWIFT_OPTIMIZATION_LEVEL = "-O";
				SWIFT_VERSION = 5.0;
				TARGETED_DEVICE_FAMILY = 1;
			};
			name = Release;
		};
		4C73D87A31A19ED08AF31C8B /* Debug */ = {
			isa = XCBuildConfiguration;
			buildSettings = {
				ALWAYS_SEARCH_USER_PATHS = NO;
				CLANG_ANALYZER_NONNULL = YES;
				CLANG_ANALYZER_NUMBER_OBJECT_CONVERSION = YES_AGGRESSIVE;
				CLANG_CXX_LANGUAGE_STANDARD = "gnu++14";
				CLANG_CXX_LIBRARY = "libc++";
				CLANG_ENABLE_MODULES = YES;
				CLANG_ENABLE_OBJC_ARC = YES;
				CLANG_ENABLE_OBJC_WEAK = YES;
				CLANG_WARN_BLOCK_CAPTURE_AUTORELEASING = YES;
				CLANG_WARN_BOOL_CONVERSION = YES;
				CLANG_WARN_COMMA = YES;
				CLANG_WARN_CONSTANT_CONVERSION = YES;
				CLANG_WARN_DEPRECATED_OBJC_IMPLEMENTATIONS = YES;
				CLANG_WARN_DIRECT_OBJC_ISA_USAGE = YES_ERROR;
				CLANG_WARN_DOCUMENTATION_COMMENTS = YES;
				CLANG_WARN_EMPTY_BODY = YES;
				CLANG_WARN_ENUM_CONVERSION = YES;
				CLANG_WARN_INFINITE_RECURSION = YES;
				CLANG_WARN_INT_CONVERSION = YES;
				CLANG_WARN_NON_LITERAL_NULL_CONVERSION = YES;
				CLANG_WARN_OBJC_IMPLICIT_RETAIN_SELF = YES;
				CLANG_WARN_OBJC_LITERAL_CONVERSION = YES;
				CLANG_WARN_OBJC_ROOT_CLASS = YES_ERROR;
				CLANG_WARN_QUOTED_INCLUDE_IN_FRAMEWORK_HEADER = YES;
				CLANG_WARN_RANGE_LOOP_ANALYSIS = YES;
				CLANG_WARN_STRICT_PROTOTYPES = YES;
				CLANG_WARN_SUSPICIOUS_MOVE = YES;
				CLANG_WARN_UNGUARDED_AVAILABILITY = YES_AGGRESSIVE;
				CLANG_WARN_UNREACHABLE_CODE = YES;
				CLANG_WARN__DUPLICATE_METHOD_MATCH = YES;
				COPY_PHASE_STRIP = NO;
				DEBUG_INFORMATION_FORMAT = dwarf;
				ENABLE_STRICT_OBJC_MSGSEND = YES;
				ENABLE_TESTABILITY = YES;
				GCC_C_LANGUAGE_STANDARD = gnu11;
				GCC_DYNAMIC_NO_PIC = NO;
				GCC_NO_COMMON_BLOCKS = YES;
				GCC_OPTIMIZATION_LEVEL = 0;
				GCC_PREPROCESSOR_DEFINITIONS = (
					"$(inherited)",
					"DEBUG=1",
				);
				GCC_WARN_64_TO_32_BIT_CONVERSION = YES;
				GCC_WARN_ABOUT_RETURN_TYPE = YES_ERROR;
				GCC_WARN_UNDECLARED_SELECTOR = YES;
				GCC_WARN_UNINITIALIZED_AUTOS = YES_AGGRESSIVE;
				GCC_WARN_UNUSED_FUNCTION = YES;
				GCC_WARN_UNUSED_VARIABLE = YES;
				MTL_ENABLE_DEBUG_INFO = INCLUDE_SOURCE;
				MTL_FAST_MATH = YES;
				ONLY_ACTIVE_ARCH = YES;
				PRODUCT_NAME = "$(TARGET_NAME)";
				SDKROOT = iphoneos;
				SWIFT_ACTIVE_COMPILATION_CONDITIONS = DEBUG;
				SWIFT_OPTIMIZATION_LEVEL = "-Onone";
				SWIFT_VERSION = 5.0;
				TARGETED_DEVICE_FAMILY = 1;
			};
			name = Debug;
		};
		4F97D5F64F845B2C070A68E0 /* Debug */ = {
			isa = XCBuildConfiguration;
			buildSettings = {
				ASSETCATALOG_COMPILER_APPICON_NAME = AppIcon;
				CODE_SIGN_IDENTITY = "iPhone Developer";
				INFOPLIST_FILE = RickAndMorty/Info.plist;
				LD_RUNPATH_SEARCH_PATHS = (
					"$(inherited)",
					"@executable_path/Frameworks",
				);
				PRODUCT_BUNDLE_IDENTIFIER = com.RickAndMorty;
				SDKROOT = iphoneos;
				TARGETED_DEVICE_FAMILY = "1,2";
			};
			name = Debug;
		};
		99C186427392D72E888E71E3 /* Release */ = {
			isa = XCBuildConfiguration;
			buildSettings = {
				ASSETCATALOG_COMPILER_APPICON_NAME = AppIcon;
				CODE_SIGN_IDENTITY = "iPhone Developer";
				INFOPLIST_FILE = RickAndMorty/Info.plist;
				LD_RUNPATH_SEARCH_PATHS = (
					"$(inherited)",
					"@executable_path/Frameworks",
				);
				PRODUCT_BUNDLE_IDENTIFIER = com.RickAndMorty;
				SDKROOT = iphoneos;
				TARGETED_DEVICE_FAMILY = "1,2";
			};
			name = Release;
		};
/* End XCBuildConfiguration section */

/* Begin XCConfigurationList section */
		043DA82325F1B02FABC26026 /* Build configuration list for PBXProject "RickAndMorty" */ = {
			isa = XCConfigurationList;
			buildConfigurations = (
				4C73D87A31A19ED08AF31C8B /* Debug */,
				3FF56C37EBBEDEDEBA049BAA /* Release */,
			);
			defaultConfigurationIsVisible = 0;
			defaultConfigurationName = Debug;
		};
		9AD41523C25FFF4CA060FD6A /* Build configuration list for PBXNativeTarget "RickAndMorty" */ = {
			isa = XCConfigurationList;
			buildConfigurations = (
				4F97D5F64F845B2C070A68E0 /* Debug */,
				99C186427392D72E888E71E3 /* Release */,
			);
			defaultConfigurationIsVisible = 0;
			defaultConfigurationName = Debug;
		};
/* End XCConfigurationList section */

/* Begin XCRemoteSwiftPackageReference section */
		60FD530943BF4458A3F0E6DE /* XCRemoteSwiftPackageReference "RxSwift" */ = {
			isa = XCRemoteSwiftPackageReference;
			repositoryURL = "https://github.com/ReactiveX/RxSwift.git";
			requirement = {
				kind = upToNextMajorVersion;
				minimumVersion = 6.5.0;
			};
		};
		991EEC2BAC36EE1FEF9462B2 /* XCRemoteSwiftPackageReference "Kingfisher" */ = {
			isa = XCRemoteSwiftPackageReference;
			repositoryURL = "https://github.com/onevcat/Kingfisher.git";
			requirement = {
				kind = upToNextMajorVersion;
				minimumVersion = 6.3.0;
			};
		};
		AD7E848F91565FC897DDA158 /* XCRemoteSwiftPackageReference "TinyConstraints" */ = {
			isa = XCRemoteSwiftPackageReference;
			repositoryURL = "https://github.com/roberthein/TinyConstraints";
			requirement = {
				kind = upToNextMajorVersion;
				minimumVersion = 4.0.1;
			};
		};
		EE368432A4B5BB444528531A /* XCRemoteSwiftPackageReference "XCoordinator" */ = {
			isa = XCRemoteSwiftPackageReference;
			repositoryURL = "https://github.com/QuickBirdEng/XCoordinator.git";
			requirement = {
				kind = upToNextMajorVersion;
				minimumVersion = 2.0;
			};
		};
/* End XCRemoteSwiftPackageReference section */

/* Begin XCSwiftPackageProductDependency section */
		0024CCF866E7041DE98C09C8 /* RxSwift */ = {
			isa = XCSwiftPackageProductDependency;
			package = 60FD530943BF4458A3F0E6DE /* XCRemoteSwiftPackageReference "RxSwift" */;
			productName = RxSwift;
		};
		56EC7A2623C4AB5B73CE383D /* Kingfisher */ = {
			isa = XCSwiftPackageProductDependency;
			package = 991EEC2BAC36EE1FEF9462B2 /* XCRemoteSwiftPackageReference "Kingfisher" */;
			productName = Kingfisher;
		};
		C30E0F57710D4C77474230DF /* XCoordinator */ = {
			isa = XCSwiftPackageProductDependency;
			package = EE368432A4B5BB444528531A /* XCRemoteSwiftPackageReference "XCoordinator" */;
			productName = XCoordinator;
		};
		E7A7F0E26647902AA8B635FC /* TinyConstraints */ = {
			isa = XCSwiftPackageProductDependency;
			package = AD7E848F91565FC897DDA158 /* XCRemoteSwiftPackageReference "TinyConstraints" */;
			productName = TinyConstraints;
		};
/* End XCSwiftPackageProductDependency section */

/* Begin XCVersionGroup section */
		1CC2F27BD464518AE2DFD452 /* RickAndMorty.xcdatamodeld */ = {
			isa = XCVersionGroup;
			children = (
				26671BD1C9C87DBFA5295332 /* RickAndMorty.xcdatamodel */,
			);
			currentVersion = 26671BD1C9C87DBFA5295332 /* RickAndMorty.xcdatamodel */;
			path = RickAndMorty.xcdatamodeld;
			sourceTree = "<group>";
			versionGroupType = wrapper.xcdatamodel;
		};
/* End XCVersionGroup section */
	};
	rootObject = 840E59B885E5A5E8F8F794D2 /* Project object */;
}
